
Microsoft Visual Studio Solution File, Format Version 12.00
# Visual Studio 14
VisualStudioVersion = 14.0.24720.0
MinimumVisualStudioVersion = 10.0.40219.1
Project("{8BC9CEB8-8B4A-11D0-8D11-00A0C91BC942}") = "Win32", "Win32.vcxproj", "{7557C437-7013-4A87-B7C5-EA50699FC7B4}"
	ProjectSection(ProjectDependencies) = postProject
		{C456E741-CF7A-455E-884B-B0F9F86E7C86} = {C456E741-CF7A-455E-884B-B0F9F86E7C86}
		{AC881460-AE29-4D6C-9E8A-9569DD69F54A} = {AC881460-AE29-4D6C-9E8A-9569DD69F54A}
		{F7D673FF-6E5B-4BE9-B250-DC320D623696} = {F7D673FF-6E5B-4BE9-B250-DC320D623696}
	EndProjectSection
EndProject
Project("{8BC9CEB8-8B4A-11D0-8D11-00A0C91BC942}") = "Core", "Core.vcxproj", "{CCC3A09C-0F7A-4E12-8594-11F2C60D71DA}"
EndProject
Project("{8BC9CEB8-8B4A-11D0-8D11-00A0C91BC942}") = "Language", "Language.vcxproj", "{C456E741-CF7A-455E-884B-B0F9F86E7C86}"
EndProject
Project("{2150E333-8FDC-42A3-9474-1A3956D46DE8}") = "RemoteController", "RemoteController", "{E6867F5E-CFC7-4A9D-9F27-E60E3A0A8044}"
EndProject
Project("{8BC9CEB8-8B4A-11D0-8D11-00A0C91BC942}") = "RemoteController", "..\third-party\RemoteController\Server\RemoteController.vcxproj", "{F7D673FF-6E5B-4BE9-B250-DC320D623696}"
	ProjectSection(ProjectDependencies) = postProject
		{745DEC58-EBB3-47A9-A9B8-4C6627C01BF8} = {745DEC58-EBB3-47A9-A9B8-4C6627C01BF8}
		{219EC965-228A-1824-174D-96449D05F88A} = {219EC965-228A-1824-174D-96449D05F88A}
		{9C4961D2-5DDB-40C7-9BE8-CA918DC4E782} = {9C4961D2-5DDB-40C7-9BE8-CA918DC4E782}
		{245603E3-F580-41A5-9632-B25FE3372CBF} = {245603E3-F580-41A5-9632-B25FE3372CBF}
		{C303D2FC-FF97-49B8-9DDD-467B4C9A0B16} = {C303D2FC-FF97-49B8-9DDD-467B4C9A0B16}
	EndProjectSection
EndProject
Project("{8BC9CEB8-8B4A-11D0-8D11-00A0C91BC942}") = "opus", "..\third-party\RemoteController\third-party\opus\win32\VS2010\opus.vcxproj", "{219EC965-228A-1824-174D-96449D05F88A}"
EndProject
Project("{8BC9CEB8-8B4A-11D0-8D11-00A0C91BC942}") = "celt", "..\third-party\RemoteController\third-party\opus\win32\VS2010\celt.vcxproj", "{245603E3-F580-41A5-9632-B25FE3372CBF}"
EndProject
Project("{8BC9CEB8-8B4A-11D0-8D11-00A0C91BC942}") = "silk_common", "..\third-party\RemoteController\third-party\opus\win32\VS2010\silk_common.vcxproj", "{C303D2FC-FF97-49B8-9DDD-467B4C9A0B16}"
EndProject
Project("{8BC9CEB8-8B4A-11D0-8D11-00A0C91BC942}") = "silk_float", "..\third-party\RemoteController\third-party\opus\win32\VS2010\silk_float.vcxproj", "{9C4961D2-5DDB-40C7-9BE8-CA918DC4E782}"
EndProject
Project("{8BC9CEB8-8B4A-11D0-8D11-00A0C91BC942}") = "zlibstat", "..\third-party\RemoteController\third-party\zlib-1.2.8\contrib\vstudio\vc11\zlibstat.vcxproj", "{745DEC58-EBB3-47A9-A9B8-4C6627C01BF8}"
EndProject
Project("{8BC9CEB8-8B4A-11D0-8D11-00A0C91BC942}") = "RakNet", "RakNet.vcxproj", "{AC881460-AE29-4D6C-9E8A-9569DD69F54A}"
EndProject
Global
	GlobalSection(SolutionConfigurationPlatforms) = preSolution
		Ad-Hoc|Any CPU = Ad-Hoc|Any CPU
		Ad-Hoc|ARM = Ad-Hoc|ARM
		Ad-Hoc|iPhone = Ad-Hoc|iPhone
		Ad-Hoc|iPhoneSimulator = Ad-Hoc|iPhoneSimulator
		Ad-Hoc|Itanium = Ad-Hoc|Itanium
		Ad-Hoc|Win32 = Ad-Hoc|Win32
		Ad-Hoc|x64 = Ad-Hoc|x64
		Ad-Hoc|x86 = Ad-Hoc|x86
		AppStore|Any CPU = AppStore|Any CPU
		AppStore|ARM = AppStore|ARM
		AppStore|iPhone = AppStore|iPhone
		AppStore|iPhoneSimulator = AppStore|iPhoneSimulator
		AppStore|Itanium = AppStore|Itanium
		AppStore|Win32 = AppStore|Win32
		AppStore|x64 = AppStore|x64
		AppStore|x86 = AppStore|x86
		Debug|Any CPU = Debug|Any CPU
		Debug|ARM = Debug|ARM
		Debug|iPhone = Debug|iPhone
		Debug|iPhoneSimulator = Debug|iPhoneSimulator
		Debug|Itanium = Debug|Itanium
		Debug|Win32 = Debug|Win32
		Debug|x64 = Debug|x64
		Debug|x86 = Debug|x86
		Release|Any CPU = Release|Any CPU
		Release|ARM = Release|ARM
		Release|iPhone = Release|iPhone
		Release|iPhoneSimulator = Release|iPhoneSimulator
		Release|Itanium = Release|Itanium
		Release|Win32 = Release|Win32
		Release|x64 = Release|x64
		Release|x86 = Release|x86
		ReleaseWithoutAsm|Any CPU = ReleaseWithoutAsm|Any CPU
		ReleaseWithoutAsm|ARM = ReleaseWithoutAsm|ARM
		ReleaseWithoutAsm|iPhone = ReleaseWithoutAsm|iPhone
		ReleaseWithoutAsm|iPhoneSimulator = ReleaseWithoutAsm|iPhoneSimulator
		ReleaseWithoutAsm|Itanium = ReleaseWithoutAsm|Itanium
		ReleaseWithoutAsm|Win32 = ReleaseWithoutAsm|Win32
		ReleaseWithoutAsm|x64 = ReleaseWithoutAsm|x64
		ReleaseWithoutAsm|x86 = ReleaseWithoutAsm|x86
	EndGlobalSection
	GlobalSection(ProjectConfigurationPlatforms) = postSolution
		{7557C437-7013-4A87-B7C5-EA50699FC7B4}.Ad-Hoc|Any CPU.ActiveCfg = Release|Win32
		{7557C437-7013-4A87-B7C5-EA50699FC7B4}.Ad-Hoc|Any CPU.Build.0 = Release|Win32
		{7557C437-7013-4A87-B7C5-EA50699FC7B4}.Ad-Hoc|ARM.ActiveCfg = Release|Win32
		{7557C437-7013-4A87-B7C5-EA50699FC7B4}.Ad-Hoc|ARM.Build.0 = Release|Win32
		{7557C437-7013-4A87-B7C5-EA50699FC7B4}.Ad-Hoc|iPhone.ActiveCfg = Release|Win32
		{7557C437-7013-4A87-B7C5-EA50699FC7B4}.Ad-Hoc|iPhone.Build.0 = Release|Win32
		{7557C437-7013-4A87-B7C5-EA50699FC7B4}.Ad-Hoc|iPhoneSimulator.ActiveCfg = Release|Win32
		{7557C437-7013-4A87-B7C5-EA50699FC7B4}.Ad-Hoc|iPhoneSimulator.Build.0 = Release|Win32
		{7557C437-7013-4A87-B7C5-EA50699FC7B4}.Ad-Hoc|Itanium.ActiveCfg = Release|Win32
		{7557C437-7013-4A87-B7C5-EA50699FC7B4}.Ad-Hoc|Itanium.Build.0 = Release|Win32
		{7557C437-7013-4A87-B7C5-EA50699FC7B4}.Ad-Hoc|Win32.ActiveCfg = Release|Win32
		{7557C437-7013-4A87-B7C5-EA50699FC7B4}.Ad-Hoc|Win32.Build.0 = Release|Win32
		{7557C437-7013-4A87-B7C5-EA50699FC7B4}.Ad-Hoc|x64.ActiveCfg = Release|Win32
		{7557C437-7013-4A87-B7C5-EA50699FC7B4}.Ad-Hoc|x64.Build.0 = Release|Win32
		{7557C437-7013-4A87-B7C5-EA50699FC7B4}.Ad-Hoc|x86.ActiveCfg = Release|Win32
		{7557C437-7013-4A87-B7C5-EA50699FC7B4}.Ad-Hoc|x86.Build.0 = Release|Win32
		{7557C437-7013-4A87-B7C5-EA50699FC7B4}.AppStore|Any CPU.ActiveCfg = Release|Win32
		{7557C437-7013-4A87-B7C5-EA50699FC7B4}.AppStore|Any CPU.Build.0 = Release|Win32
		{7557C437-7013-4A87-B7C5-EA50699FC7B4}.AppStore|ARM.ActiveCfg = Release|Win32
		{7557C437-7013-4A87-B7C5-EA50699FC7B4}.AppStore|ARM.Build.0 = Release|Win32
		{7557C437-7013-4A87-B7C5-EA50699FC7B4}.AppStore|iPhone.ActiveCfg = Release|Win32
		{7557C437-7013-4A87-B7C5-EA50699FC7B4}.AppStore|iPhone.Build.0 = Release|Win32
		{7557C437-7013-4A87-B7C5-EA50699FC7B4}.AppStore|iPhoneSimulator.ActiveCfg = Release|Win32
		{7557C437-7013-4A87-B7C5-EA50699FC7B4}.AppStore|iPhoneSimulator.Build.0 = Release|Win32
		{7557C437-7013-4A87-B7C5-EA50699FC7B4}.AppStore|Itanium.ActiveCfg = Release|Win32
		{7557C437-7013-4A87-B7C5-EA50699FC7B4}.AppStore|Itanium.Build.0 = Release|Win32
		{7557C437-7013-4A87-B7C5-EA50699FC7B4}.AppStore|Win32.ActiveCfg = Release|Win32
		{7557C437-7013-4A87-B7C5-EA50699FC7B4}.AppStore|Win32.Build.0 = Release|Win32
		{7557C437-7013-4A87-B7C5-EA50699FC7B4}.AppStore|x64.ActiveCfg = Release|Win32
		{7557C437-7013-4A87-B7C5-EA50699FC7B4}.AppStore|x64.Build.0 = Release|Win32
		{7557C437-7013-4A87-B7C5-EA50699FC7B4}.AppStore|x86.ActiveCfg = Release|Win32
		{7557C437-7013-4A87-B7C5-EA50699FC7B4}.AppStore|x86.Build.0 = Release|Win32
		{7557C437-7013-4A87-B7C5-EA50699FC7B4}.Debug|Any CPU.ActiveCfg = Debug|Win32
		{7557C437-7013-4A87-B7C5-EA50699FC7B4}.Debug|ARM.ActiveCfg = Debug|Win32
		{7557C437-7013-4A87-B7C5-EA50699FC7B4}.Debug|iPhone.ActiveCfg = Debug|Win32
		{7557C437-7013-4A87-B7C5-EA50699FC7B4}.Debug|iPhoneSimulator.ActiveCfg = Debug|Win32
		{7557C437-7013-4A87-B7C5-EA50699FC7B4}.Debug|Itanium.ActiveCfg = Debug|Win32
		{7557C437-7013-4A87-B7C5-EA50699FC7B4}.Debug|Win32.ActiveCfg = Debug|Win32
		{7557C437-7013-4A87-B7C5-EA50699FC7B4}.Debug|Win32.Build.0 = Debug|Win32
		{7557C437-7013-4A87-B7C5-EA50699FC7B4}.Debug|x64.ActiveCfg = Debug|Win32
		{7557C437-7013-4A87-B7C5-EA50699FC7B4}.Debug|x86.ActiveCfg = Debug|Win32
		{7557C437-7013-4A87-B7C5-EA50699FC7B4}.Debug|x86.Build.0 = Debug|Win32
		{7557C437-7013-4A87-B7C5-EA50699FC7B4}.Release|Any CPU.ActiveCfg = Release|Win32
		{7557C437-7013-4A87-B7C5-EA50699FC7B4}.Release|ARM.ActiveCfg = Release|Win32
		{7557C437-7013-4A87-B7C5-EA50699FC7B4}.Release|iPhone.ActiveCfg = Release|Win32
		{7557C437-7013-4A87-B7C5-EA50699FC7B4}.Release|iPhoneSimulator.ActiveCfg = Release|Win32
		{7557C437-7013-4A87-B7C5-EA50699FC7B4}.Release|Itanium.ActiveCfg = Release|Win32
		{7557C437-7013-4A87-B7C5-EA50699FC7B4}.Release|Win32.ActiveCfg = Release|Win32
		{7557C437-7013-4A87-B7C5-EA50699FC7B4}.Release|Win32.Build.0 = Release|Win32
		{7557C437-7013-4A87-B7C5-EA50699FC7B4}.Release|x64.ActiveCfg = Release|Win32
		{7557C437-7013-4A87-B7C5-EA50699FC7B4}.Release|x86.ActiveCfg = Release|Win32
		{7557C437-7013-4A87-B7C5-EA50699FC7B4}.Release|x86.Build.0 = Release|Win32
		{7557C437-7013-4A87-B7C5-EA50699FC7B4}.ReleaseWithoutAsm|Any CPU.ActiveCfg = Release|Win32
		{7557C437-7013-4A87-B7C5-EA50699FC7B4}.ReleaseWithoutAsm|Any CPU.Build.0 = Release|Win32
		{7557C437-7013-4A87-B7C5-EA50699FC7B4}.ReleaseWithoutAsm|ARM.ActiveCfg = Release|Win32
		{7557C437-7013-4A87-B7C5-EA50699FC7B4}.ReleaseWithoutAsm|ARM.Build.0 = Release|Win32
		{7557C437-7013-4A87-B7C5-EA50699FC7B4}.ReleaseWithoutAsm|iPhone.ActiveCfg = Release|Win32
		{7557C437-7013-4A87-B7C5-EA50699FC7B4}.ReleaseWithoutAsm|iPhone.Build.0 = Release|Win32
		{7557C437-7013-4A87-B7C5-EA50699FC7B4}.ReleaseWithoutAsm|iPhoneSimulator.ActiveCfg = Release|Win32
		{7557C437-7013-4A87-B7C5-EA50699FC7B4}.ReleaseWithoutAsm|iPhoneSimulator.Build.0 = Release|Win32
		{7557C437-7013-4A87-B7C5-EA50699FC7B4}.ReleaseWithoutAsm|Itanium.ActiveCfg = Release|Win32
		{7557C437-7013-4A87-B7C5-EA50699FC7B4}.ReleaseWithoutAsm|Itanium.Build.0 = Release|Win32
		{7557C437-7013-4A87-B7C5-EA50699FC7B4}.ReleaseWithoutAsm|Win32.ActiveCfg = Release|Win32
		{7557C437-7013-4A87-B7C5-EA50699FC7B4}.ReleaseWithoutAsm|Win32.Build.0 = Release|Win32
		{7557C437-7013-4A87-B7C5-EA50699FC7B4}.ReleaseWithoutAsm|x64.ActiveCfg = Release|Win32
		{7557C437-7013-4A87-B7C5-EA50699FC7B4}.ReleaseWithoutAsm|x86.ActiveCfg = Release|Win32
		{7557C437-7013-4A87-B7C5-EA50699FC7B4}.ReleaseWithoutAsm|x86.Build.0 = Release|Win32
		{CCC3A09C-0F7A-4E12-8594-11F2C60D71DA}.Ad-Hoc|Any CPU.ActiveCfg = Release|Win32
		{CCC3A09C-0F7A-4E12-8594-11F2C60D71DA}.Ad-Hoc|Any CPU.Build.0 = Release|Win32
		{CCC3A09C-0F7A-4E12-8594-11F2C60D71DA}.Ad-Hoc|ARM.ActiveCfg = Release|Win32
		{CCC3A09C-0F7A-4E12-8594-11F2C60D71DA}.Ad-Hoc|ARM.Build.0 = Release|Win32
		{CCC3A09C-0F7A-4E12-8594-11F2C60D71DA}.Ad-Hoc|iPhone.ActiveCfg = Release|Win32
		{CCC3A09C-0F7A-4E12-8594-11F2C60D71DA}.Ad-Hoc|iPhone.Build.0 = Release|Win32
		{CCC3A09C-0F7A-4E12-8594-11F2C60D71DA}.Ad-Hoc|iPhoneSimulator.ActiveCfg = Release|Win32
		{CCC3A09C-0F7A-4E12-8594-11F2C60D71DA}.Ad-Hoc|iPhoneSimulator.Build.0 = Release|Win32
		{CCC3A09C-0F7A-4E12-8594-11F2C60D71DA}.Ad-Hoc|Itanium.ActiveCfg = Release|Win32
		{CCC3A09C-0F7A-4E12-8594-11F2C60D71DA}.Ad-Hoc|Itanium.Build.0 = Release|Win32
		{CCC3A09C-0F7A-4E12-8594-11F2C60D71DA}.Ad-Hoc|Win32.ActiveCfg = Release|Win32
		{CCC3A09C-0F7A-4E12-8594-11F2C60D71DA}.Ad-Hoc|Win32.Build.0 = Release|Win32
		{CCC3A09C-0F7A-4E12-8594-11F2C60D71DA}.Ad-Hoc|x64.ActiveCfg = Release|Win32
		{CCC3A09C-0F7A-4E12-8594-11F2C60D71DA}.Ad-Hoc|x64.Build.0 = Release|Win32
		{CCC3A09C-0F7A-4E12-8594-11F2C60D71DA}.Ad-Hoc|x86.ActiveCfg = Release|Win32
		{CCC3A09C-0F7A-4E12-8594-11F2C60D71DA}.Ad-Hoc|x86.Build.0 = Release|Win32
		{CCC3A09C-0F7A-4E12-8594-11F2C60D71DA}.AppStore|Any CPU.ActiveCfg = Release|Win32
		{CCC3A09C-0F7A-4E12-8594-11F2C60D71DA}.AppStore|Any CPU.Build.0 = Release|Win32
		{CCC3A09C-0F7A-4E12-8594-11F2C60D71DA}.AppStore|ARM.ActiveCfg = Release|Win32
		{CCC3A09C-0F7A-4E12-8594-11F2C60D71DA}.AppStore|ARM.Build.0 = Release|Win32
		{CCC3A09C-0F7A-4E12-8594-11F2C60D71DA}.AppStore|iPhone.ActiveCfg = Release|Win32
		{CCC3A09C-0F7A-4E12-8594-11F2C60D71DA}.AppStore|iPhone.Build.0 = Release|Win32
		{CCC3A09C-0F7A-4E12-8594-11F2C60D71DA}.AppStore|iPhoneSimulator.ActiveCfg = Release|Win32
		{CCC3A09C-0F7A-4E12-8594-11F2C60D71DA}.AppStore|iPhoneSimulator.Build.0 = Release|Win32
		{CCC3A09C-0F7A-4E12-8594-11F2C60D71DA}.AppStore|Itanium.ActiveCfg = Release|Win32
		{CCC3A09C-0F7A-4E12-8594-11F2C60D71DA}.AppStore|Itanium.Build.0 = Release|Win32
		{CCC3A09C-0F7A-4E12-8594-11F2C60D71DA}.AppStore|Win32.ActiveCfg = Release|Win32
		{CCC3A09C-0F7A-4E12-8594-11F2C60D71DA}.AppStore|Win32.Build.0 = Release|Win32
		{CCC3A09C-0F7A-4E12-8594-11F2C60D71DA}.AppStore|x64.ActiveCfg = Release|Win32
		{CCC3A09C-0F7A-4E12-8594-11F2C60D71DA}.AppStore|x64.Build.0 = Release|Win32
		{CCC3A09C-0F7A-4E12-8594-11F2C60D71DA}.AppStore|x86.ActiveCfg = Release|Win32
		{CCC3A09C-0F7A-4E12-8594-11F2C60D71DA}.AppStore|x86.Build.0 = Release|Win32
		{CCC3A09C-0F7A-4E12-8594-11F2C60D71DA}.Debug|Any CPU.ActiveCfg = Debug|Win32
		{CCC3A09C-0F7A-4E12-8594-11F2C60D71DA}.Debug|ARM.ActiveCfg = Debug|Win32
		{CCC3A09C-0F7A-4E12-8594-11F2C60D71DA}.Debug|iPhone.ActiveCfg = Debug|Win32
		{CCC3A09C-0F7A-4E12-8594-11F2C60D71DA}.Debug|iPhoneSimulator.ActiveCfg = Debug|Win32
		{CCC3A09C-0F7A-4E12-8594-11F2C60D71DA}.Debug|Itanium.ActiveCfg = Debug|Win32
		{CCC3A09C-0F7A-4E12-8594-11F2C60D71DA}.Debug|Win32.ActiveCfg = Debug|Win32
		{CCC3A09C-0F7A-4E12-8594-11F2C60D71DA}.Debug|Win32.Build.0 = Debug|Win32
		{CCC3A09C-0F7A-4E12-8594-11F2C60D71DA}.Debug|x64.ActiveCfg = Debug|Win32
		{CCC3A09C-0F7A-4E12-8594-11F2C60D71DA}.Debug|x86.ActiveCfg = Debug|Win32
		{CCC3A09C-0F7A-4E12-8594-11F2C60D71DA}.Debug|x86.Build.0 = Debug|Win32
		{CCC3A09C-0F7A-4E12-8594-11F2C60D71DA}.Release|Any CPU.ActiveCfg = Release|Win32
		{CCC3A09C-0F7A-4E12-8594-11F2C60D71DA}.Release|ARM.ActiveCfg = Release|Win32
		{CCC3A09C-0F7A-4E12-8594-11F2C60D71DA}.Release|iPhone.ActiveCfg = Release|Win32
		{CCC3A09C-0F7A-4E12-8594-11F2C60D71DA}.Release|iPhoneSimulator.ActiveCfg = Release|Win32
		{CCC3A09C-0F7A-4E12-8594-11F2C60D71DA}.Release|Itanium.ActiveCfg = Release|Win32
		{CCC3A09C-0F7A-4E12-8594-11F2C60D71DA}.Release|Win32.ActiveCfg = Release|Win32
		{CCC3A09C-0F7A-4E12-8594-11F2C60D71DA}.Release|Win32.Build.0 = Release|Win32
		{CCC3A09C-0F7A-4E12-8594-11F2C60D71DA}.Release|x64.ActiveCfg = Release|Win32
		{CCC3A09C-0F7A-4E12-8594-11F2C60D71DA}.Release|x86.ActiveCfg = Release|Win32
		{CCC3A09C-0F7A-4E12-8594-11F2C60D71DA}.Release|x86.Build.0 = Release|Win32
		{CCC3A09C-0F7A-4E12-8594-11F2C60D71DA}.ReleaseWithoutAsm|Any CPU.ActiveCfg = Release|Win32
		{CCC3A09C-0F7A-4E12-8594-11F2C60D71DA}.ReleaseWithoutAsm|Any CPU.Build.0 = Release|Win32
		{CCC3A09C-0F7A-4E12-8594-11F2C60D71DA}.ReleaseWithoutAsm|ARM.ActiveCfg = Release|Win32
		{CCC3A09C-0F7A-4E12-8594-11F2C60D71DA}.ReleaseWithoutAsm|ARM.Build.0 = Release|Win32
		{CCC3A09C-0F7A-4E12-8594-11F2C60D71DA}.ReleaseWithoutAsm|iPhone.ActiveCfg = Release|Win32
		{CCC3A09C-0F7A-4E12-8594-11F2C60D71DA}.ReleaseWithoutAsm|iPhone.Build.0 = Release|Win32
		{CCC3A09C-0F7A-4E12-8594-11F2C60D71DA}.ReleaseWithoutAsm|iPhoneSimulator.ActiveCfg = Release|Win32
		{CCC3A09C-0F7A-4E12-8594-11F2C60D71DA}.ReleaseWithoutAsm|iPhoneSimulator.Build.0 = Release|Win32
		{CCC3A09C-0F7A-4E12-8594-11F2C60D71DA}.ReleaseWithoutAsm|Itanium.ActiveCfg = Release|Win32
		{CCC3A09C-0F7A-4E12-8594-11F2C60D71DA}.ReleaseWithoutAsm|Itanium.Build.0 = Release|Win32
		{CCC3A09C-0F7A-4E12-8594-11F2C60D71DA}.ReleaseWithoutAsm|Win32.ActiveCfg = Release|Win32
		{CCC3A09C-0F7A-4E12-8594-11F2C60D71DA}.ReleaseWithoutAsm|Win32.Build.0 = Release|Win32
		{CCC3A09C-0F7A-4E12-8594-11F2C60D71DA}.ReleaseWithoutAsm|x64.ActiveCfg = Release|Win32
		{CCC3A09C-0F7A-4E12-8594-11F2C60D71DA}.ReleaseWithoutAsm|x86.ActiveCfg = Release|Win32
		{CCC3A09C-0F7A-4E12-8594-11F2C60D71DA}.ReleaseWithoutAsm|x86.Build.0 = Release|Win32
		{C456E741-CF7A-455E-884B-B0F9F86E7C86}.Ad-Hoc|Any CPU.ActiveCfg = Release|Win32
		{C456E741-CF7A-455E-884B-B0F9F86E7C86}.Ad-Hoc|Any CPU.Build.0 = Release|Win32
		{C456E741-CF7A-455E-884B-B0F9F86E7C86}.Ad-Hoc|ARM.ActiveCfg = Release|Win32
		{C456E741-CF7A-455E-884B-B0F9F86E7C86}.Ad-Hoc|ARM.Build.0 = Release|Win32
		{C456E741-CF7A-455E-884B-B0F9F86E7C86}.Ad-Hoc|iPhone.ActiveCfg = Release|Win32
		{C456E741-CF7A-455E-884B-B0F9F86E7C86}.Ad-Hoc|iPhone.Build.0 = Release|Win32
		{C456E741-CF7A-455E-884B-B0F9F86E7C86}.Ad-Hoc|iPhoneSimulator.ActiveCfg = Release|Win32
		{C456E741-CF7A-455E-884B-B0F9F86E7C86}.Ad-Hoc|iPhoneSimulator.Build.0 = Release|Win32
		{C456E741-CF7A-455E-884B-B0F9F86E7C86}.Ad-Hoc|Itanium.ActiveCfg = Release|Win32
		{C456E741-CF7A-455E-884B-B0F9F86E7C86}.Ad-Hoc|Itanium.Build.0 = Release|Win32
		{C456E741-CF7A-455E-884B-B0F9F86E7C86}.Ad-Hoc|Win32.ActiveCfg = Release|Win32
		{C456E741-CF7A-455E-884B-B0F9F86E7C86}.Ad-Hoc|Win32.Build.0 = Release|Win32
		{C456E741-CF7A-455E-884B-B0F9F86E7C86}.Ad-Hoc|x64.ActiveCfg = Release|Win32
		{C456E741-CF7A-455E-884B-B0F9F86E7C86}.Ad-Hoc|x64.Build.0 = Release|Win32
		{C456E741-CF7A-455E-884B-B0F9F86E7C86}.Ad-Hoc|x86.ActiveCfg = Release|Win32
		{C456E741-CF7A-455E-884B-B0F9F86E7C86}.Ad-Hoc|x86.Build.0 = Release|Win32
		{C456E741-CF7A-455E-884B-B0F9F86E7C86}.AppStore|Any CPU.ActiveCfg = Release|Win32
		{C456E741-CF7A-455E-884B-B0F9F86E7C86}.AppStore|Any CPU.Build.0 = Release|Win32
		{C456E741-CF7A-455E-884B-B0F9F86E7C86}.AppStore|ARM.ActiveCfg = Release|Win32
		{C456E741-CF7A-455E-884B-B0F9F86E7C86}.AppStore|ARM.Build.0 = Release|Win32
		{C456E741-CF7A-455E-884B-B0F9F86E7C86}.AppStore|iPhone.ActiveCfg = Release|Win32
		{C456E741-CF7A-455E-884B-B0F9F86E7C86}.AppStore|iPhone.Build.0 = Release|Win32
		{C456E741-CF7A-455E-884B-B0F9F86E7C86}.AppStore|iPhoneSimulator.ActiveCfg = Release|Win32
		{C456E741-CF7A-455E-884B-B0F9F86E7C86}.AppStore|iPhoneSimulator.Build.0 = Release|Win32
		{C456E741-CF7A-455E-884B-B0F9F86E7C86}.AppStore|Itanium.ActiveCfg = Release|Win32
		{C456E741-CF7A-455E-884B-B0F9F86E7C86}.AppStore|Itanium.Build.0 = Release|Win32
		{C456E741-CF7A-455E-884B-B0F9F86E7C86}.AppStore|Win32.ActiveCfg = Release|Win32
		{C456E741-CF7A-455E-884B-B0F9F86E7C86}.AppStore|Win32.Build.0 = Release|Win32
		{C456E741-CF7A-455E-884B-B0F9F86E7C86}.AppStore|x64.ActiveCfg = Release|Win32
		{C456E741-CF7A-455E-884B-B0F9F86E7C86}.AppStore|x64.Build.0 = Release|Win32
		{C456E741-CF7A-455E-884B-B0F9F86E7C86}.AppStore|x86.ActiveCfg = Release|Win32
		{C456E741-CF7A-455E-884B-B0F9F86E7C86}.AppStore|x86.Build.0 = Release|Win32
		{C456E741-CF7A-455E-884B-B0F9F86E7C86}.Debug|Any CPU.ActiveCfg = Debug|Win32
		{C456E741-CF7A-455E-884B-B0F9F86E7C86}.Debug|ARM.ActiveCfg = Debug|Win32
		{C456E741-CF7A-455E-884B-B0F9F86E7C86}.Debug|iPhone.ActiveCfg = Debug|Win32
		{C456E741-CF7A-455E-884B-B0F9F86E7C86}.Debug|iPhoneSimulator.ActiveCfg = Debug|Win32
		{C456E741-CF7A-455E-884B-B0F9F86E7C86}.Debug|Itanium.ActiveCfg = Debug|Win32
		{C456E741-CF7A-455E-884B-B0F9F86E7C86}.Debug|Win32.ActiveCfg = Debug|Win32
		{C456E741-CF7A-455E-884B-B0F9F86E7C86}.Debug|Win32.Build.0 = Debug|Win32
		{C456E741-CF7A-455E-884B-B0F9F86E7C86}.Debug|x64.ActiveCfg = Debug|Win32
		{C456E741-CF7A-455E-884B-B0F9F86E7C86}.Debug|x86.ActiveCfg = Debug|Win32
		{C456E741-CF7A-455E-884B-B0F9F86E7C86}.Debug|x86.Build.0 = Debug|Win32
		{C456E741-CF7A-455E-884B-B0F9F86E7C86}.Release|Any CPU.ActiveCfg = Release|Win32
		{C456E741-CF7A-455E-884B-B0F9F86E7C86}.Release|ARM.ActiveCfg = Release|Win32
		{C456E741-CF7A-455E-884B-B0F9F86E7C86}.Release|iPhone.ActiveCfg = Release|Win32
		{C456E741-CF7A-455E-884B-B0F9F86E7C86}.Release|iPhoneSimulator.ActiveCfg = Release|Win32
		{C456E741-CF7A-455E-884B-B0F9F86E7C86}.Release|Itanium.ActiveCfg = Release|Win32
		{C456E741-CF7A-455E-884B-B0F9F86E7C86}.Release|Win32.ActiveCfg = Release|Win32
		{C456E741-CF7A-455E-884B-B0F9F86E7C86}.Release|Win32.Build.0 = Release|Win32
		{C456E741-CF7A-455E-884B-B0F9F86E7C86}.Release|x64.ActiveCfg = Release|Win32
		{C456E741-CF7A-455E-884B-B0F9F86E7C86}.Release|x86.ActiveCfg = Release|Win32
		{C456E741-CF7A-455E-884B-B0F9F86E7C86}.Release|x86.Build.0 = Release|Win32
		{C456E741-CF7A-455E-884B-B0F9F86E7C86}.ReleaseWithoutAsm|Any CPU.ActiveCfg = Release|Win32
		{C456E741-CF7A-455E-884B-B0F9F86E7C86}.ReleaseWithoutAsm|Any CPU.Build.0 = Release|Win32
		{C456E741-CF7A-455E-884B-B0F9F86E7C86}.ReleaseWithoutAsm|ARM.ActiveCfg = Release|Win32
		{C456E741-CF7A-455E-884B-B0F9F86E7C86}.ReleaseWithoutAsm|ARM.Build.0 = Release|Win32
		{C456E741-CF7A-455E-884B-B0F9F86E7C86}.ReleaseWithoutAsm|iPhone.ActiveCfg = Release|Win32
		{C456E741-CF7A-455E-884B-B0F9F86E7C86}.ReleaseWithoutAsm|iPhone.Build.0 = Release|Win32
		{C456E741-CF7A-455E-884B-B0F9F86E7C86}.ReleaseWithoutAsm|iPhoneSimulator.ActiveCfg = Release|Win32
		{C456E741-CF7A-455E-884B-B0F9F86E7C86}.ReleaseWithoutAsm|iPhoneSimulator.Build.0 = Release|Win32
		{C456E741-CF7A-455E-884B-B0F9F86E7C86}.ReleaseWithoutAsm|Itanium.ActiveCfg = Release|Win32
		{C456E741-CF7A-455E-884B-B0F9F86E7C86}.ReleaseWithoutAsm|Itanium.Build.0 = Release|Win32
		{C456E741-CF7A-455E-884B-B0F9F86E7C86}.ReleaseWithoutAsm|Win32.ActiveCfg = Release|Win32
		{C456E741-CF7A-455E-884B-B0F9F86E7C86}.ReleaseWithoutAsm|Win32.Build.0 = Release|Win32
		{C456E741-CF7A-455E-884B-B0F9F86E7C86}.ReleaseWithoutAsm|x64.ActiveCfg = Release|Win32
		{C456E741-CF7A-455E-884B-B0F9F86E7C86}.ReleaseWithoutAsm|x86.ActiveCfg = Release|Win32
		{C456E741-CF7A-455E-884B-B0F9F86E7C86}.ReleaseWithoutAsm|x86.Build.0 = Release|Win32
		{F7D673FF-6E5B-4BE9-B250-DC320D623696}.Ad-Hoc|Any CPU.ActiveCfg = Release|x64
		{F7D673FF-6E5B-4BE9-B250-DC320D623696}.Ad-Hoc|Any CPU.Build.0 = Release|x64
		{F7D673FF-6E5B-4BE9-B250-DC320D623696}.Ad-Hoc|ARM.ActiveCfg = Release|x64
		{F7D673FF-6E5B-4BE9-B250-DC320D623696}.Ad-Hoc|ARM.Build.0 = Release|x64
		{F7D673FF-6E5B-4BE9-B250-DC320D623696}.Ad-Hoc|iPhone.ActiveCfg = Release|x64
		{F7D673FF-6E5B-4BE9-B250-DC320D623696}.Ad-Hoc|iPhone.Build.0 = Release|x64
		{F7D673FF-6E5B-4BE9-B250-DC320D623696}.Ad-Hoc|iPhoneSimulator.ActiveCfg = Release|x64
		{F7D673FF-6E5B-4BE9-B250-DC320D623696}.Ad-Hoc|iPhoneSimulator.Build.0 = Release|x64
		{F7D673FF-6E5B-4BE9-B250-DC320D623696}.Ad-Hoc|Itanium.ActiveCfg = Debug|x64
		{F7D673FF-6E5B-4BE9-B250-DC320D623696}.Ad-Hoc|Itanium.Build.0 = Debug|x64
		{F7D673FF-6E5B-4BE9-B250-DC320D623696}.Ad-Hoc|Win32.ActiveCfg = Debug|Win32
		{F7D673FF-6E5B-4BE9-B250-DC320D623696}.Ad-Hoc|Win32.Build.0 = Debug|Win32
		{F7D673FF-6E5B-4BE9-B250-DC320D623696}.Ad-Hoc|x64.ActiveCfg = Release|x64
		{F7D673FF-6E5B-4BE9-B250-DC320D623696}.Ad-Hoc|x64.Build.0 = Release|x64
		{F7D673FF-6E5B-4BE9-B250-DC320D623696}.Ad-Hoc|x86.ActiveCfg = Release|Win32
		{F7D673FF-6E5B-4BE9-B250-DC320D623696}.Ad-Hoc|x86.Build.0 = Release|Win32
		{F7D673FF-6E5B-4BE9-B250-DC320D623696}.AppStore|Any CPU.ActiveCfg = Release|x64
		{F7D673FF-6E5B-4BE9-B250-DC320D623696}.AppStore|Any CPU.Build.0 = Release|x64
		{F7D673FF-6E5B-4BE9-B250-DC320D623696}.AppStore|ARM.ActiveCfg = Release|x64
		{F7D673FF-6E5B-4BE9-B250-DC320D623696}.AppStore|ARM.Build.0 = Release|x64
		{F7D673FF-6E5B-4BE9-B250-DC320D623696}.AppStore|iPhone.ActiveCfg = Release|x64
		{F7D673FF-6E5B-4BE9-B250-DC320D623696}.AppStore|iPhone.Build.0 = Release|x64
		{F7D673FF-6E5B-4BE9-B250-DC320D623696}.AppStore|iPhoneSimulator.ActiveCfg = Release|x64
		{F7D673FF-6E5B-4BE9-B250-DC320D623696}.AppStore|iPhoneSimulator.Build.0 = Release|x64
		{F7D673FF-6E5B-4BE9-B250-DC320D623696}.AppStore|Itanium.ActiveCfg = Debug|x64
		{F7D673FF-6E5B-4BE9-B250-DC320D623696}.AppStore|Itanium.Build.0 = Debug|x64
		{F7D673FF-6E5B-4BE9-B250-DC320D623696}.AppStore|Win32.ActiveCfg = Debug|Win32
		{F7D673FF-6E5B-4BE9-B250-DC320D623696}.AppStore|Win32.Build.0 = Debug|Win32
		{F7D673FF-6E5B-4BE9-B250-DC320D623696}.AppStore|x64.ActiveCfg = Release|x64
		{F7D673FF-6E5B-4BE9-B250-DC320D623696}.AppStore|x64.Build.0 = Release|x64
		{F7D673FF-6E5B-4BE9-B250-DC320D623696}.AppStore|x86.ActiveCfg = Release|Win32
		{F7D673FF-6E5B-4BE9-B250-DC320D623696}.AppStore|x86.Build.0 = Release|Win32
		{F7D673FF-6E5B-4BE9-B250-DC320D623696}.Debug|Any CPU.ActiveCfg = Debug|Win32
		{F7D673FF-6E5B-4BE9-B250-DC320D623696}.Debug|Any CPU.Build.0 = Debug|Win32
		{F7D673FF-6E5B-4BE9-B250-DC320D623696}.Debug|ARM.ActiveCfg = Debug|Win32
		{F7D673FF-6E5B-4BE9-B250-DC320D623696}.Debug|iPhone.ActiveCfg = Debug|Win32
		{F7D673FF-6E5B-4BE9-B250-DC320D623696}.Debug|iPhoneSimulator.ActiveCfg = Debug|Win32
		{F7D673FF-6E5B-4BE9-B250-DC320D623696}.Debug|Itanium.ActiveCfg = Debug|Win32
		{F7D673FF-6E5B-4BE9-B250-DC320D623696}.Debug|Win32.ActiveCfg = Debug|Win32
		{F7D673FF-6E5B-4BE9-B250-DC320D623696}.Debug|Win32.Build.0 = Debug|Win32
		{F7D673FF-6E5B-4BE9-B250-DC320D623696}.Debug|x64.ActiveCfg = Debug|x64
		{F7D673FF-6E5B-4BE9-B250-DC320D623696}.Debug|x64.Build.0 = Debug|x64
		{F7D673FF-6E5B-4BE9-B250-DC320D623696}.Debug|x86.ActiveCfg = Debug|Win32
		{F7D673FF-6E5B-4BE9-B250-DC320D623696}.Debug|x86.Build.0 = Debug|Win32
		{F7D673FF-6E5B-4BE9-B250-DC320D623696}.Release|Any CPU.ActiveCfg = Release|Win32
		{F7D673FF-6E5B-4BE9-B250-DC320D623696}.Release|Any CPU.Build.0 = Release|Win32
		{F7D673FF-6E5B-4BE9-B250-DC320D623696}.Release|ARM.ActiveCfg = Release|Win32
		{F7D673FF-6E5B-4BE9-B250-DC320D623696}.Release|iPhone.ActiveCfg = Release|Win32
		{F7D673FF-6E5B-4BE9-B250-DC320D623696}.Release|iPhoneSimulator.ActiveCfg = Release|Win32
		{F7D673FF-6E5B-4BE9-B250-DC320D623696}.Release|Itanium.ActiveCfg = Release|Win32
		{F7D673FF-6E5B-4BE9-B250-DC320D623696}.Release|Win32.ActiveCfg = Release|Win32
		{F7D673FF-6E5B-4BE9-B250-DC320D623696}.Release|Win32.Build.0 = Release|Win32
		{F7D673FF-6E5B-4BE9-B250-DC320D623696}.Release|x64.ActiveCfg = Release|x64
		{F7D673FF-6E5B-4BE9-B250-DC320D623696}.Release|x64.Build.0 = Release|x64
		{F7D673FF-6E5B-4BE9-B250-DC320D623696}.Release|x86.ActiveCfg = Release|Win32
		{F7D673FF-6E5B-4BE9-B250-DC320D623696}.Release|x86.Build.0 = Release|Win32
		{F7D673FF-6E5B-4BE9-B250-DC320D623696}.ReleaseWithoutAsm|Any CPU.ActiveCfg = Debug|x64
		{F7D673FF-6E5B-4BE9-B250-DC320D623696}.ReleaseWithoutAsm|Any CPU.Build.0 = Debug|x64
		{F7D673FF-6E5B-4BE9-B250-DC320D623696}.ReleaseWithoutAsm|ARM.ActiveCfg = Debug|x64
		{F7D673FF-6E5B-4BE9-B250-DC320D623696}.ReleaseWithoutAsm|ARM.Build.0 = Debug|x64
		{F7D673FF-6E5B-4BE9-B250-DC320D623696}.ReleaseWithoutAsm|iPhone.ActiveCfg = Debug|x64
		{F7D673FF-6E5B-4BE9-B250-DC320D623696}.ReleaseWithoutAsm|iPhone.Build.0 = Debug|x64
		{F7D673FF-6E5B-4BE9-B250-DC320D623696}.ReleaseWithoutAsm|iPhoneSimulator.ActiveCfg = Debug|x64
		{F7D673FF-6E5B-4BE9-B250-DC320D623696}.ReleaseWithoutAsm|iPhoneSimulator.Build.0 = Debug|x64
		{F7D673FF-6E5B-4BE9-B250-DC320D623696}.ReleaseWithoutAsm|Itanium.ActiveCfg = Debug|x64
		{F7D673FF-6E5B-4BE9-B250-DC320D623696}.ReleaseWithoutAsm|Itanium.Build.0 = Debug|x64
		{F7D673FF-6E5B-4BE9-B250-DC320D623696}.ReleaseWithoutAsm|Win32.ActiveCfg = Release|Win32
		{F7D673FF-6E5B-4BE9-B250-DC320D623696}.ReleaseWithoutAsm|Win32.Build.0 = Release|Win32
		{F7D673FF-6E5B-4BE9-B250-DC320D623696}.ReleaseWithoutAsm|x64.ActiveCfg = Release|x64
		{F7D673FF-6E5B-4BE9-B250-DC320D623696}.ReleaseWithoutAsm|x64.Build.0 = Release|x64
		{F7D673FF-6E5B-4BE9-B250-DC320D623696}.ReleaseWithoutAsm|x86.ActiveCfg = Release|Win32
		{F7D673FF-6E5B-4BE9-B250-DC320D623696}.ReleaseWithoutAsm|x86.Build.0 = Release|Win32
		{219EC965-228A-1824-174D-96449D05F88A}.Ad-Hoc|Any CPU.ActiveCfg = Release|x64
		{219EC965-228A-1824-174D-96449D05F88A}.Ad-Hoc|Any CPU.Build.0 = Release|x64
		{219EC965-228A-1824-174D-96449D05F88A}.Ad-Hoc|ARM.ActiveCfg = Release|x64
		{219EC965-228A-1824-174D-96449D05F88A}.Ad-Hoc|ARM.Build.0 = Release|x64
		{219EC965-228A-1824-174D-96449D05F88A}.Ad-Hoc|iPhone.ActiveCfg = Release|x64
		{219EC965-228A-1824-174D-96449D05F88A}.Ad-Hoc|iPhone.Build.0 = Release|x64
		{219EC965-228A-1824-174D-96449D05F88A}.Ad-Hoc|iPhoneSimulator.ActiveCfg = Release|x64
		{219EC965-228A-1824-174D-96449D05F88A}.Ad-Hoc|iPhoneSimulator.Build.0 = Release|x64
		{219EC965-228A-1824-174D-96449D05F88A}.Ad-Hoc|Itanium.ActiveCfg = Release|x64
		{219EC965-228A-1824-174D-96449D05F88A}.Ad-Hoc|Itanium.Build.0 = Release|x64
		{219EC965-228A-1824-174D-96449D05F88A}.Ad-Hoc|Win32.ActiveCfg = Debug|Win32
		{219EC965-228A-1824-174D-96449D05F88A}.Ad-Hoc|Win32.Build.0 = Debug|Win32
		{219EC965-228A-1824-174D-96449D05F88A}.Ad-Hoc|x64.ActiveCfg = Release|x64
		{219EC965-228A-1824-174D-96449D05F88A}.Ad-Hoc|x64.Build.0 = Release|x64
		{219EC965-228A-1824-174D-96449D05F88A}.Ad-Hoc|x86.ActiveCfg = Release|Win32
		{219EC965-228A-1824-174D-96449D05F88A}.Ad-Hoc|x86.Build.0 = Release|Win32
		{219EC965-228A-1824-174D-96449D05F88A}.AppStore|Any CPU.ActiveCfg = Release|x64
		{219EC965-228A-1824-174D-96449D05F88A}.AppStore|Any CPU.Build.0 = Release|x64
		{219EC965-228A-1824-174D-96449D05F88A}.AppStore|ARM.ActiveCfg = Release|x64
		{219EC965-228A-1824-174D-96449D05F88A}.AppStore|ARM.Build.0 = Release|x64
		{219EC965-228A-1824-174D-96449D05F88A}.AppStore|iPhone.ActiveCfg = Release|x64
		{219EC965-228A-1824-174D-96449D05F88A}.AppStore|iPhone.Build.0 = Release|x64
		{219EC965-228A-1824-174D-96449D05F88A}.AppStore|iPhoneSimulator.ActiveCfg = Release|x64
		{219EC965-228A-1824-174D-96449D05F88A}.AppStore|iPhoneSimulator.Build.0 = Release|x64
		{219EC965-228A-1824-174D-96449D05F88A}.AppStore|Itanium.ActiveCfg = Release|x64
		{219EC965-228A-1824-174D-96449D05F88A}.AppStore|Itanium.Build.0 = Release|x64
		{219EC965-228A-1824-174D-96449D05F88A}.AppStore|Win32.ActiveCfg = Debug|Win32
		{219EC965-228A-1824-174D-96449D05F88A}.AppStore|Win32.Build.0 = Debug|Win32
		{219EC965-228A-1824-174D-96449D05F88A}.AppStore|x64.ActiveCfg = Release|x64
		{219EC965-228A-1824-174D-96449D05F88A}.AppStore|x64.Build.0 = Release|x64
		{219EC965-228A-1824-174D-96449D05F88A}.AppStore|x86.ActiveCfg = Release|Win32
		{219EC965-228A-1824-174D-96449D05F88A}.AppStore|x86.Build.0 = Release|Win32
		{219EC965-228A-1824-174D-96449D05F88A}.Debug|Any CPU.ActiveCfg = Debug|Win32
		{219EC965-228A-1824-174D-96449D05F88A}.Debug|Any CPU.Build.0 = Debug|Win32
		{219EC965-228A-1824-174D-96449D05F88A}.Debug|ARM.ActiveCfg = Debug|Win32
		{219EC965-228A-1824-174D-96449D05F88A}.Debug|iPhone.ActiveCfg = Debug|Win32
		{219EC965-228A-1824-174D-96449D05F88A}.Debug|iPhoneSimulator.ActiveCfg = Debug|Win32
		{219EC965-228A-1824-174D-96449D05F88A}.Debug|Itanium.ActiveCfg = Debug|Win32
		{219EC965-228A-1824-174D-96449D05F88A}.Debug|Win32.ActiveCfg = Debug|Win32
		{219EC965-228A-1824-174D-96449D05F88A}.Debug|Win32.Build.0 = Debug|Win32
		{219EC965-228A-1824-174D-96449D05F88A}.Debug|x64.ActiveCfg = Debug|x64
		{219EC965-228A-1824-174D-96449D05F88A}.Debug|x64.Build.0 = Debug|x64
		{219EC965-228A-1824-174D-96449D05F88A}.Debug|x86.ActiveCfg = Debug|Win32
		{219EC965-228A-1824-174D-96449D05F88A}.Debug|x86.Build.0 = Debug|Win32
		{219EC965-228A-1824-174D-96449D05F88A}.Release|Any CPU.ActiveCfg = Release|Win32
		{219EC965-228A-1824-174D-96449D05F88A}.Release|Any CPU.Build.0 = Release|Win32
		{219EC965-228A-1824-174D-96449D05F88A}.Release|ARM.ActiveCfg = Release|Win32
		{219EC965-228A-1824-174D-96449D05F88A}.Release|iPhone.ActiveCfg = Release|Win32
		{219EC965-228A-1824-174D-96449D05F88A}.Release|iPhoneSimulator.ActiveCfg = Release|Win32
		{219EC965-228A-1824-174D-96449D05F88A}.Release|Itanium.ActiveCfg = Release|Win32
		{219EC965-228A-1824-174D-96449D05F88A}.Release|Win32.ActiveCfg = Release|Win32
		{219EC965-228A-1824-174D-96449D05F88A}.Release|Win32.Build.0 = Release|Win32
		{219EC965-228A-1824-174D-96449D05F88A}.Release|x64.ActiveCfg = Release|x64
		{219EC965-228A-1824-174D-96449D05F88A}.Release|x64.Build.0 = Release|x64
		{219EC965-228A-1824-174D-96449D05F88A}.Release|x86.ActiveCfg = Release|Win32
		{219EC965-228A-1824-174D-96449D05F88A}.Release|x86.Build.0 = Release|Win32
		{219EC965-228A-1824-174D-96449D05F88A}.ReleaseWithoutAsm|Any CPU.ActiveCfg = Release|x64
		{219EC965-228A-1824-174D-96449D05F88A}.ReleaseWithoutAsm|Any CPU.Build.0 = Release|x64
		{219EC965-228A-1824-174D-96449D05F88A}.ReleaseWithoutAsm|ARM.ActiveCfg = Release|x64
		{219EC965-228A-1824-174D-96449D05F88A}.ReleaseWithoutAsm|ARM.Build.0 = Release|x64
		{219EC965-228A-1824-174D-96449D05F88A}.ReleaseWithoutAsm|iPhone.ActiveCfg = Release|x64
		{219EC965-228A-1824-174D-96449D05F88A}.ReleaseWithoutAsm|iPhone.Build.0 = Release|x64
		{219EC965-228A-1824-174D-96449D05F88A}.ReleaseWithoutAsm|iPhoneSimulator.ActiveCfg = Release|x64
		{219EC965-228A-1824-174D-96449D05F88A}.ReleaseWithoutAsm|iPhoneSimulator.Build.0 = Release|x64
		{219EC965-228A-1824-174D-96449D05F88A}.ReleaseWithoutAsm|Itanium.ActiveCfg = Release|x64
		{219EC965-228A-1824-174D-96449D05F88A}.ReleaseWithoutAsm|Itanium.Build.0 = Release|x64
		{219EC965-228A-1824-174D-96449D05F88A}.ReleaseWithoutAsm|Win32.ActiveCfg = Release|Win32
		{219EC965-228A-1824-174D-96449D05F88A}.ReleaseWithoutAsm|Win32.Build.0 = Release|Win32
		{219EC965-228A-1824-174D-96449D05F88A}.ReleaseWithoutAsm|x64.ActiveCfg = Release|x64
		{219EC965-228A-1824-174D-96449D05F88A}.ReleaseWithoutAsm|x64.Build.0 = Release|x64
		{219EC965-228A-1824-174D-96449D05F88A}.ReleaseWithoutAsm|x86.ActiveCfg = Release|Win32
		{219EC965-228A-1824-174D-96449D05F88A}.ReleaseWithoutAsm|x86.Build.0 = Release|Win32
		{245603E3-F580-41A5-9632-B25FE3372CBF}.Ad-Hoc|Any CPU.ActiveCfg = Release|x64
		{245603E3-F580-41A5-9632-B25FE3372CBF}.Ad-Hoc|Any CPU.Build.0 = Release|x64
		{245603E3-F580-41A5-9632-B25FE3372CBF}.Ad-Hoc|ARM.ActiveCfg = Release|x64
		{245603E3-F580-41A5-9632-B25FE3372CBF}.Ad-Hoc|ARM.Build.0 = Release|x64
		{245603E3-F580-41A5-9632-B25FE3372CBF}.Ad-Hoc|iPhone.ActiveCfg = Release|x64
		{245603E3-F580-41A5-9632-B25FE3372CBF}.Ad-Hoc|iPhone.Build.0 = Release|x64
		{245603E3-F580-41A5-9632-B25FE3372CBF}.Ad-Hoc|iPhoneSimulator.ActiveCfg = Release|x64
		{245603E3-F580-41A5-9632-B25FE3372CBF}.Ad-Hoc|iPhoneSimulator.Build.0 = Release|x64
		{245603E3-F580-41A5-9632-B25FE3372CBF}.Ad-Hoc|Itanium.ActiveCfg = Release|x64
		{245603E3-F580-41A5-9632-B25FE3372CBF}.Ad-Hoc|Itanium.Build.0 = Release|x64
		{245603E3-F580-41A5-9632-B25FE3372CBF}.Ad-Hoc|Win32.ActiveCfg = Debug|Win32
		{245603E3-F580-41A5-9632-B25FE3372CBF}.Ad-Hoc|Win32.Build.0 = Debug|Win32
		{245603E3-F580-41A5-9632-B25FE3372CBF}.Ad-Hoc|x64.ActiveCfg = Release|x64
		{245603E3-F580-41A5-9632-B25FE3372CBF}.Ad-Hoc|x64.Build.0 = Release|x64
		{245603E3-F580-41A5-9632-B25FE3372CBF}.Ad-Hoc|x86.ActiveCfg = Release|Win32
		{245603E3-F580-41A5-9632-B25FE3372CBF}.Ad-Hoc|x86.Build.0 = Release|Win32
		{245603E3-F580-41A5-9632-B25FE3372CBF}.AppStore|Any CPU.ActiveCfg = Release|x64
		{245603E3-F580-41A5-9632-B25FE3372CBF}.AppStore|Any CPU.Build.0 = Release|x64
		{245603E3-F580-41A5-9632-B25FE3372CBF}.AppStore|ARM.ActiveCfg = Release|x64
		{245603E3-F580-41A5-9632-B25FE3372CBF}.AppStore|ARM.Build.0 = Release|x64
		{245603E3-F580-41A5-9632-B25FE3372CBF}.AppStore|iPhone.ActiveCfg = Release|x64
		{245603E3-F580-41A5-9632-B25FE3372CBF}.AppStore|iPhone.Build.0 = Release|x64
		{245603E3-F580-41A5-9632-B25FE3372CBF}.AppStore|iPhoneSimulator.ActiveCfg = Release|x64
		{245603E3-F580-41A5-9632-B25FE3372CBF}.AppStore|iPhoneSimulator.Build.0 = Release|x64
		{245603E3-F580-41A5-9632-B25FE3372CBF}.AppStore|Itanium.ActiveCfg = Release|x64
		{245603E3-F580-41A5-9632-B25FE3372CBF}.AppStore|Itanium.Build.0 = Release|x64
		{245603E3-F580-41A5-9632-B25FE3372CBF}.AppStore|Win32.ActiveCfg = Debug|Win32
		{245603E3-F580-41A5-9632-B25FE3372CBF}.AppStore|Win32.Build.0 = Debug|Win32
		{245603E3-F580-41A5-9632-B25FE3372CBF}.AppStore|x64.ActiveCfg = Release|x64
		{245603E3-F580-41A5-9632-B25FE3372CBF}.AppStore|x64.Build.0 = Release|x64
		{245603E3-F580-41A5-9632-B25FE3372CBF}.AppStore|x86.ActiveCfg = Release|Win32
		{245603E3-F580-41A5-9632-B25FE3372CBF}.AppStore|x86.Build.0 = Release|Win32
		{245603E3-F580-41A5-9632-B25FE3372CBF}.Debug|Any CPU.ActiveCfg = Debug|Win32
		{245603E3-F580-41A5-9632-B25FE3372CBF}.Debug|Any CPU.Build.0 = Debug|Win32
		{245603E3-F580-41A5-9632-B25FE3372CBF}.Debug|ARM.ActiveCfg = Debug|Win32
		{245603E3-F580-41A5-9632-B25FE3372CBF}.Debug|iPhone.ActiveCfg = Debug|Win32
		{245603E3-F580-41A5-9632-B25FE3372CBF}.Debug|iPhoneSimulator.ActiveCfg = Debug|Win32
		{245603E3-F580-41A5-9632-B25FE3372CBF}.Debug|Itanium.ActiveCfg = Debug|Win32
		{245603E3-F580-41A5-9632-B25FE3372CBF}.Debug|Win32.ActiveCfg = Debug|Win32
		{245603E3-F580-41A5-9632-B25FE3372CBF}.Debug|Win32.Build.0 = Debug|Win32
		{245603E3-F580-41A5-9632-B25FE3372CBF}.Debug|x64.ActiveCfg = Debug|x64
		{245603E3-F580-41A5-9632-B25FE3372CBF}.Debug|x64.Build.0 = Debug|x64
		{245603E3-F580-41A5-9632-B25FE3372CBF}.Debug|x86.ActiveCfg = Debug|Win32
		{245603E3-F580-41A5-9632-B25FE3372CBF}.Debug|x86.Build.0 = Debug|Win32
		{245603E3-F580-41A5-9632-B25FE3372CBF}.Release|Any CPU.ActiveCfg = Release|Win32
		{245603E3-F580-41A5-9632-B25FE3372CBF}.Release|Any CPU.Build.0 = Release|Win32
		{245603E3-F580-41A5-9632-B25FE3372CBF}.Release|ARM.ActiveCfg = Release|Win32
		{245603E3-F580-41A5-9632-B25FE3372CBF}.Release|iPhone.ActiveCfg = Release|Win32
		{245603E3-F580-41A5-9632-B25FE3372CBF}.Release|iPhoneSimulator.ActiveCfg = Release|Win32
		{245603E3-F580-41A5-9632-B25FE3372CBF}.Release|Itanium.ActiveCfg = Release|Win32
		{245603E3-F580-41A5-9632-B25FE3372CBF}.Release|Win32.ActiveCfg = Release|Win32
		{245603E3-F580-41A5-9632-B25FE3372CBF}.Release|Win32.Build.0 = Release|Win32
		{245603E3-F580-41A5-9632-B25FE3372CBF}.Release|x64.ActiveCfg = Release|x64
		{245603E3-F580-41A5-9632-B25FE3372CBF}.Release|x64.Build.0 = Release|x64
		{245603E3-F580-41A5-9632-B25FE3372CBF}.Release|x86.ActiveCfg = Release|Win32
		{245603E3-F580-41A5-9632-B25FE3372CBF}.Release|x86.Build.0 = Release|Win32
		{245603E3-F580-41A5-9632-B25FE3372CBF}.ReleaseWithoutAsm|Any CPU.ActiveCfg = Release|x64
		{245603E3-F580-41A5-9632-B25FE3372CBF}.ReleaseWithoutAsm|Any CPU.Build.0 = Release|x64
		{245603E3-F580-41A5-9632-B25FE3372CBF}.ReleaseWithoutAsm|ARM.ActiveCfg = Release|x64
		{245603E3-F580-41A5-9632-B25FE3372CBF}.ReleaseWithoutAsm|ARM.Build.0 = Release|x64
		{245603E3-F580-41A5-9632-B25FE3372CBF}.ReleaseWithoutAsm|iPhone.ActiveCfg = Release|x64
		{245603E3-F580-41A5-9632-B25FE3372CBF}.ReleaseWithoutAsm|iPhone.Build.0 = Release|x64
		{245603E3-F580-41A5-9632-B25FE3372CBF}.ReleaseWithoutAsm|iPhoneSimulator.ActiveCfg = Release|x64
		{245603E3-F580-41A5-9632-B25FE3372CBF}.ReleaseWithoutAsm|iPhoneSimulator.Build.0 = Release|x64
		{245603E3-F580-41A5-9632-B25FE3372CBF}.ReleaseWithoutAsm|Itanium.ActiveCfg = Release|x64
		{245603E3-F580-41A5-9632-B25FE3372CBF}.ReleaseWithoutAsm|Itanium.Build.0 = Release|x64
		{245603E3-F580-41A5-9632-B25FE3372CBF}.ReleaseWithoutAsm|Win32.ActiveCfg = Release|Win32
		{245603E3-F580-41A5-9632-B25FE3372CBF}.ReleaseWithoutAsm|Win32.Build.0 = Release|Win32
		{245603E3-F580-41A5-9632-B25FE3372CBF}.ReleaseWithoutAsm|x64.ActiveCfg = Release|x64
		{245603E3-F580-41A5-9632-B25FE3372CBF}.ReleaseWithoutAsm|x64.Build.0 = Release|x64
		{245603E3-F580-41A5-9632-B25FE3372CBF}.ReleaseWithoutAsm|x86.ActiveCfg = Release|Win32
		{245603E3-F580-41A5-9632-B25FE3372CBF}.ReleaseWithoutAsm|x86.Build.0 = Release|Win32
		{C303D2FC-FF97-49B8-9DDD-467B4C9A0B16}.Ad-Hoc|Any CPU.ActiveCfg = Release|x64
		{C303D2FC-FF97-49B8-9DDD-467B4C9A0B16}.Ad-Hoc|Any CPU.Build.0 = Release|x64
		{C303D2FC-FF97-49B8-9DDD-467B4C9A0B16}.Ad-Hoc|ARM.ActiveCfg = Release|x64
		{C303D2FC-FF97-49B8-9DDD-467B4C9A0B16}.Ad-Hoc|ARM.Build.0 = Release|x64
		{C303D2FC-FF97-49B8-9DDD-467B4C9A0B16}.Ad-Hoc|iPhone.ActiveCfg = Release|x64
		{C303D2FC-FF97-49B8-9DDD-467B4C9A0B16}.Ad-Hoc|iPhone.Build.0 = Release|x64
		{C303D2FC-FF97-49B8-9DDD-467B4C9A0B16}.Ad-Hoc|iPhoneSimulator.ActiveCfg = Release|x64
		{C303D2FC-FF97-49B8-9DDD-467B4C9A0B16}.Ad-Hoc|iPhoneSimulator.Build.0 = Release|x64
		{C303D2FC-FF97-49B8-9DDD-467B4C9A0B16}.Ad-Hoc|Itanium.ActiveCfg = Release|x64
		{C303D2FC-FF97-49B8-9DDD-467B4C9A0B16}.Ad-Hoc|Itanium.Build.0 = Release|x64
		{C303D2FC-FF97-49B8-9DDD-467B4C9A0B16}.Ad-Hoc|Win32.ActiveCfg = Debug|Win32
		{C303D2FC-FF97-49B8-9DDD-467B4C9A0B16}.Ad-Hoc|Win32.Build.0 = Debug|Win32
		{C303D2FC-FF97-49B8-9DDD-467B4C9A0B16}.Ad-Hoc|x64.ActiveCfg = Release|x64
		{C303D2FC-FF97-49B8-9DDD-467B4C9A0B16}.Ad-Hoc|x64.Build.0 = Release|x64
		{C303D2FC-FF97-49B8-9DDD-467B4C9A0B16}.Ad-Hoc|x86.ActiveCfg = Release|Win32
		{C303D2FC-FF97-49B8-9DDD-467B4C9A0B16}.Ad-Hoc|x86.Build.0 = Release|Win32
		{C303D2FC-FF97-49B8-9DDD-467B4C9A0B16}.AppStore|Any CPU.ActiveCfg = Release|x64
		{C303D2FC-FF97-49B8-9DDD-467B4C9A0B16}.AppStore|Any CPU.Build.0 = Release|x64
		{C303D2FC-FF97-49B8-9DDD-467B4C9A0B16}.AppStore|ARM.ActiveCfg = Release|x64
		{C303D2FC-FF97-49B8-9DDD-467B4C9A0B16}.AppStore|ARM.Build.0 = Release|x64
		{C303D2FC-FF97-49B8-9DDD-467B4C9A0B16}.AppStore|iPhone.ActiveCfg = Release|x64
		{C303D2FC-FF97-49B8-9DDD-467B4C9A0B16}.AppStore|iPhone.Build.0 = Release|x64
		{C303D2FC-FF97-49B8-9DDD-467B4C9A0B16}.AppStore|iPhoneSimulator.ActiveCfg = Release|x64
		{C303D2FC-FF97-49B8-9DDD-467B4C9A0B16}.AppStore|iPhoneSimulator.Build.0 = Release|x64
		{C303D2FC-FF97-49B8-9DDD-467B4C9A0B16}.AppStore|Itanium.ActiveCfg = Release|x64
		{C303D2FC-FF97-49B8-9DDD-467B4C9A0B16}.AppStore|Itanium.Build.0 = Release|x64
		{C303D2FC-FF97-49B8-9DDD-467B4C9A0B16}.AppStore|Win32.ActiveCfg = Debug|Win32
		{C303D2FC-FF97-49B8-9DDD-467B4C9A0B16}.AppStore|Win32.Build.0 = Debug|Win32
		{C303D2FC-FF97-49B8-9DDD-467B4C9A0B16}.AppStore|x64.ActiveCfg = Release|x64
		{C303D2FC-FF97-49B8-9DDD-467B4C9A0B16}.AppStore|x64.Build.0 = Release|x64
		{C303D2FC-FF97-49B8-9DDD-467B4C9A0B16}.AppStore|x86.ActiveCfg = Release|Win32
		{C303D2FC-FF97-49B8-9DDD-467B4C9A0B16}.AppStore|x86.Build.0 = Release|Win32
		{C303D2FC-FF97-49B8-9DDD-467B4C9A0B16}.Debug|Any CPU.ActiveCfg = Debug|Win32
		{C303D2FC-FF97-49B8-9DDD-467B4C9A0B16}.Debug|Any CPU.Build.0 = Debug|Win32
		{C303D2FC-FF97-49B8-9DDD-467B4C9A0B16}.Debug|ARM.ActiveCfg = Debug|Win32
		{C303D2FC-FF97-49B8-9DDD-467B4C9A0B16}.Debug|iPhone.ActiveCfg = Debug|Win32
		{C303D2FC-FF97-49B8-9DDD-467B4C9A0B16}.Debug|iPhoneSimulator.ActiveCfg = Debug|Win32
		{C303D2FC-FF97-49B8-9DDD-467B4C9A0B16}.Debug|Itanium.ActiveCfg = Debug|Win32
		{C303D2FC-FF97-49B8-9DDD-467B4C9A0B16}.Debug|Win32.ActiveCfg = Debug|Win32
		{C303D2FC-FF97-49B8-9DDD-467B4C9A0B16}.Debug|Win32.Build.0 = Debug|Win32
		{C303D2FC-FF97-49B8-9DDD-467B4C9A0B16}.Debug|x64.ActiveCfg = Debug|x64
		{C303D2FC-FF97-49B8-9DDD-467B4C9A0B16}.Debug|x64.Build.0 = Debug|x64
		{C303D2FC-FF97-49B8-9DDD-467B4C9A0B16}.Debug|x86.ActiveCfg = Debug|Win32
		{C303D2FC-FF97-49B8-9DDD-467B4C9A0B16}.Debug|x86.Build.0 = Debug|Win32
		{C303D2FC-FF97-49B8-9DDD-467B4C9A0B16}.Release|Any CPU.ActiveCfg = Release|Win32
		{C303D2FC-FF97-49B8-9DDD-467B4C9A0B16}.Release|Any CPU.Build.0 = Release|Win32
		{C303D2FC-FF97-49B8-9DDD-467B4C9A0B16}.Release|ARM.ActiveCfg = Release|Win32
		{C303D2FC-FF97-49B8-9DDD-467B4C9A0B16}.Release|iPhone.ActiveCfg = Release|Win32
		{C303D2FC-FF97-49B8-9DDD-467B4C9A0B16}.Release|iPhoneSimulator.ActiveCfg = Release|Win32
		{C303D2FC-FF97-49B8-9DDD-467B4C9A0B16}.Release|Itanium.ActiveCfg = Release|Win32
		{C303D2FC-FF97-49B8-9DDD-467B4C9A0B16}.Release|Win32.ActiveCfg = Release|Win32
		{C303D2FC-FF97-49B8-9DDD-467B4C9A0B16}.Release|Win32.Build.0 = Release|Win32
		{C303D2FC-FF97-49B8-9DDD-467B4C9A0B16}.Release|x64.ActiveCfg = Release|x64
		{C303D2FC-FF97-49B8-9DDD-467B4C9A0B16}.Release|x64.Build.0 = Release|x64
		{C303D2FC-FF97-49B8-9DDD-467B4C9A0B16}.Release|x86.ActiveCfg = Release|Win32
		{C303D2FC-FF97-49B8-9DDD-467B4C9A0B16}.Release|x86.Build.0 = Release|Win32
		{C303D2FC-FF97-49B8-9DDD-467B4C9A0B16}.ReleaseWithoutAsm|Any CPU.ActiveCfg = Release|x64
		{C303D2FC-FF97-49B8-9DDD-467B4C9A0B16}.ReleaseWithoutAsm|Any CPU.Build.0 = Release|x64
		{C303D2FC-FF97-49B8-9DDD-467B4C9A0B16}.ReleaseWithoutAsm|ARM.ActiveCfg = Release|x64
		{C303D2FC-FF97-49B8-9DDD-467B4C9A0B16}.ReleaseWithoutAsm|ARM.Build.0 = Release|x64
		{C303D2FC-FF97-49B8-9DDD-467B4C9A0B16}.ReleaseWithoutAsm|iPhone.ActiveCfg = Release|x64
		{C303D2FC-FF97-49B8-9DDD-467B4C9A0B16}.ReleaseWithoutAsm|iPhone.Build.0 = Release|x64
		{C303D2FC-FF97-49B8-9DDD-467B4C9A0B16}.ReleaseWithoutAsm|iPhoneSimulator.ActiveCfg = Release|x64
		{C303D2FC-FF97-49B8-9DDD-467B4C9A0B16}.ReleaseWithoutAsm|iPhoneSimulator.Build.0 = Release|x64
		{C303D2FC-FF97-49B8-9DDD-467B4C9A0B16}.ReleaseWithoutAsm|Itanium.ActiveCfg = Release|x64
		{C303D2FC-FF97-49B8-9DDD-467B4C9A0B16}.ReleaseWithoutAsm|Itanium.Build.0 = Release|x64
		{C303D2FC-FF97-49B8-9DDD-467B4C9A0B16}.ReleaseWithoutAsm|Win32.ActiveCfg = Release|Win32
		{C303D2FC-FF97-49B8-9DDD-467B4C9A0B16}.ReleaseWithoutAsm|Win32.Build.0 = Release|Win32
		{C303D2FC-FF97-49B8-9DDD-467B4C9A0B16}.ReleaseWithoutAsm|x64.ActiveCfg = Release|x64
		{C303D2FC-FF97-49B8-9DDD-467B4C9A0B16}.ReleaseWithoutAsm|x64.Build.0 = Release|x64
		{C303D2FC-FF97-49B8-9DDD-467B4C9A0B16}.ReleaseWithoutAsm|x86.ActiveCfg = Release|Win32
		{C303D2FC-FF97-49B8-9DDD-467B4C9A0B16}.ReleaseWithoutAsm|x86.Build.0 = Release|Win32
		{9C4961D2-5DDB-40C7-9BE8-CA918DC4E782}.Ad-Hoc|Any CPU.ActiveCfg = Release|x64
		{9C4961D2-5DDB-40C7-9BE8-CA918DC4E782}.Ad-Hoc|Any CPU.Build.0 = Release|x64
		{9C4961D2-5DDB-40C7-9BE8-CA918DC4E782}.Ad-Hoc|ARM.ActiveCfg = Release|x64
		{9C4961D2-5DDB-40C7-9BE8-CA918DC4E782}.Ad-Hoc|ARM.Build.0 = Release|x64
		{9C4961D2-5DDB-40C7-9BE8-CA918DC4E782}.Ad-Hoc|iPhone.ActiveCfg = Release|x64
		{9C4961D2-5DDB-40C7-9BE8-CA918DC4E782}.Ad-Hoc|iPhone.Build.0 = Release|x64
		{9C4961D2-5DDB-40C7-9BE8-CA918DC4E782}.Ad-Hoc|iPhoneSimulator.ActiveCfg = Release|x64
		{9C4961D2-5DDB-40C7-9BE8-CA918DC4E782}.Ad-Hoc|iPhoneSimulator.Build.0 = Release|x64
		{9C4961D2-5DDB-40C7-9BE8-CA918DC4E782}.Ad-Hoc|Itanium.ActiveCfg = Release|x64
		{9C4961D2-5DDB-40C7-9BE8-CA918DC4E782}.Ad-Hoc|Itanium.Build.0 = Release|x64
		{9C4961D2-5DDB-40C7-9BE8-CA918DC4E782}.Ad-Hoc|Win32.ActiveCfg = Debug|Win32
		{9C4961D2-5DDB-40C7-9BE8-CA918DC4E782}.Ad-Hoc|Win32.Build.0 = Debug|Win32
		{9C4961D2-5DDB-40C7-9BE8-CA918DC4E782}.Ad-Hoc|x64.ActiveCfg = Release|x64
		{9C4961D2-5DDB-40C7-9BE8-CA918DC4E782}.Ad-Hoc|x64.Build.0 = Release|x64
		{9C4961D2-5DDB-40C7-9BE8-CA918DC4E782}.Ad-Hoc|x86.ActiveCfg = Release|Win32
		{9C4961D2-5DDB-40C7-9BE8-CA918DC4E782}.Ad-Hoc|x86.Build.0 = Release|Win32
		{9C4961D2-5DDB-40C7-9BE8-CA918DC4E782}.AppStore|Any CPU.ActiveCfg = Release|x64
		{9C4961D2-5DDB-40C7-9BE8-CA918DC4E782}.AppStore|Any CPU.Build.0 = Release|x64
		{9C4961D2-5DDB-40C7-9BE8-CA918DC4E782}.AppStore|ARM.ActiveCfg = Release|x64
		{9C4961D2-5DDB-40C7-9BE8-CA918DC4E782}.AppStore|ARM.Build.0 = Release|x64
		{9C4961D2-5DDB-40C7-9BE8-CA918DC4E782}.AppStore|iPhone.ActiveCfg = Release|x64
		{9C4961D2-5DDB-40C7-9BE8-CA918DC4E782}.AppStore|iPhone.Build.0 = Release|x64
		{9C4961D2-5DDB-40C7-9BE8-CA918DC4E782}.AppStore|iPhoneSimulator.ActiveCfg = Release|x64
		{9C4961D2-5DDB-40C7-9BE8-CA918DC4E782}.AppStore|iPhoneSimulator.Build.0 = Release|x64
		{9C4961D2-5DDB-40C7-9BE8-CA918DC4E782}.AppStore|Itanium.ActiveCfg = Release|x64
		{9C4961D2-5DDB-40C7-9BE8-CA918DC4E782}.AppStore|Itanium.Build.0 = Release|x64
		{9C4961D2-5DDB-40C7-9BE8-CA918DC4E782}.AppStore|Win32.ActiveCfg = Debug|Win32
		{9C4961D2-5DDB-40C7-9BE8-CA918DC4E782}.AppStore|Win32.Build.0 = Debug|Win32
		{9C4961D2-5DDB-40C7-9BE8-CA918DC4E782}.AppStore|x64.ActiveCfg = Release|x64
		{9C4961D2-5DDB-40C7-9BE8-CA918DC4E782}.AppStore|x64.Build.0 = Release|x64
		{9C4961D2-5DDB-40C7-9BE8-CA918DC4E782}.AppStore|x86.ActiveCfg = Release|Win32
		{9C4961D2-5DDB-40C7-9BE8-CA918DC4E782}.AppStore|x86.Build.0 = Release|Win32
		{9C4961D2-5DDB-40C7-9BE8-CA918DC4E782}.Debug|Any CPU.ActiveCfg = Debug|Win32
		{9C4961D2-5DDB-40C7-9BE8-CA918DC4E782}.Debug|Any CPU.Build.0 = Debug|Win32
		{9C4961D2-5DDB-40C7-9BE8-CA918DC4E782}.Debug|ARM.ActiveCfg = Debug|Win32
		{9C4961D2-5DDB-40C7-9BE8-CA918DC4E782}.Debug|iPhone.ActiveCfg = Debug|Win32
		{9C4961D2-5DDB-40C7-9BE8-CA918DC4E782}.Debug|iPhoneSimulator.ActiveCfg = Debug|Win32
		{9C4961D2-5DDB-40C7-9BE8-CA918DC4E782}.Debug|Itanium.ActiveCfg = Debug|Win32
		{9C4961D2-5DDB-40C7-9BE8-CA918DC4E782}.Debug|Win32.ActiveCfg = Debug|Win32
		{9C4961D2-5DDB-40C7-9BE8-CA918DC4E782}.Debug|Win32.Build.0 = Debug|Win32
		{9C4961D2-5DDB-40C7-9BE8-CA918DC4E782}.Debug|x64.ActiveCfg = Debug|x64
		{9C4961D2-5DDB-40C7-9BE8-CA918DC4E782}.Debug|x64.Build.0 = Debug|x64
		{9C4961D2-5DDB-40C7-9BE8-CA918DC4E782}.Debug|x86.ActiveCfg = Debug|Win32
		{9C4961D2-5DDB-40C7-9BE8-CA918DC4E782}.Debug|x86.Build.0 = Debug|Win32
		{9C4961D2-5DDB-40C7-9BE8-CA918DC4E782}.Release|Any CPU.ActiveCfg = Release|Win32
		{9C4961D2-5DDB-40C7-9BE8-CA918DC4E782}.Release|Any CPU.Build.0 = Release|Win32
		{9C4961D2-5DDB-40C7-9BE8-CA918DC4E782}.Release|ARM.ActiveCfg = Release|Win32
		{9C4961D2-5DDB-40C7-9BE8-CA918DC4E782}.Release|iPhone.ActiveCfg = Release|Win32
		{9C4961D2-5DDB-40C7-9BE8-CA918DC4E782}.Release|iPhoneSimulator.ActiveCfg = Release|Win32
		{9C4961D2-5DDB-40C7-9BE8-CA918DC4E782}.Release|Itanium.ActiveCfg = Release|Win32
		{9C4961D2-5DDB-40C7-9BE8-CA918DC4E782}.Release|Win32.ActiveCfg = Release|Win32
		{9C4961D2-5DDB-40C7-9BE8-CA918DC4E782}.Release|Win32.Build.0 = Release|Win32
		{9C4961D2-5DDB-40C7-9BE8-CA918DC4E782}.Release|x64.ActiveCfg = Release|x64
		{9C4961D2-5DDB-40C7-9BE8-CA918DC4E782}.Release|x64.Build.0 = Release|x64
		{9C4961D2-5DDB-40C7-9BE8-CA918DC4E782}.Release|x86.ActiveCfg = Release|Win32
		{9C4961D2-5DDB-40C7-9BE8-CA918DC4E782}.Release|x86.Build.0 = Release|Win32
		{9C4961D2-5DDB-40C7-9BE8-CA918DC4E782}.ReleaseWithoutAsm|Any CPU.ActiveCfg = Release|x64
		{9C4961D2-5DDB-40C7-9BE8-CA918DC4E782}.ReleaseWithoutAsm|Any CPU.Build.0 = Release|x64
		{9C4961D2-5DDB-40C7-9BE8-CA918DC4E782}.ReleaseWithoutAsm|ARM.ActiveCfg = Release|x64
		{9C4961D2-5DDB-40C7-9BE8-CA918DC4E782}.ReleaseWithoutAsm|ARM.Build.0 = Release|x64
		{9C4961D2-5DDB-40C7-9BE8-CA918DC4E782}.ReleaseWithoutAsm|iPhone.ActiveCfg = Release|x64
		{9C4961D2-5DDB-40C7-9BE8-CA918DC4E782}.ReleaseWithoutAsm|iPhone.Build.0 = Release|x64
		{9C4961D2-5DDB-40C7-9BE8-CA918DC4E782}.ReleaseWithoutAsm|iPhoneSimulator.ActiveCfg = Release|x64
		{9C4961D2-5DDB-40C7-9BE8-CA918DC4E782}.ReleaseWithoutAsm|iPhoneSimulator.Build.0 = Release|x64
		{9C4961D2-5DDB-40C7-9BE8-CA918DC4E782}.ReleaseWithoutAsm|Itanium.ActiveCfg = Release|x64
		{9C4961D2-5DDB-40C7-9BE8-CA918DC4E782}.ReleaseWithoutAsm|Itanium.Build.0 = Release|x64
		{9C4961D2-5DDB-40C7-9BE8-CA918DC4E782}.ReleaseWithoutAsm|Win32.ActiveCfg = Release|Win32
		{9C4961D2-5DDB-40C7-9BE8-CA918DC4E782}.ReleaseWithoutAsm|Win32.Build.0 = Release|Win32
		{9C4961D2-5DDB-40C7-9BE8-CA918DC4E782}.ReleaseWithoutAsm|x64.ActiveCfg = Release|x64
		{9C4961D2-5DDB-40C7-9BE8-CA918DC4E782}.ReleaseWithoutAsm|x64.Build.0 = Release|x64
		{9C4961D2-5DDB-40C7-9BE8-CA918DC4E782}.ReleaseWithoutAsm|x86.ActiveCfg = Release|Win32
		{9C4961D2-5DDB-40C7-9BE8-CA918DC4E782}.ReleaseWithoutAsm|x86.Build.0 = Release|Win32
		{745DEC58-EBB3-47A9-A9B8-4C6627C01BF8}.Ad-Hoc|Any CPU.ActiveCfg = ReleaseWithoutAsm|Itanium
		{745DEC58-EBB3-47A9-A9B8-4C6627C01BF8}.Ad-Hoc|Any CPU.Build.0 = ReleaseWithoutAsm|Itanium
		{745DEC58-EBB3-47A9-A9B8-4C6627C01BF8}.Ad-Hoc|ARM.ActiveCfg = ReleaseWithoutAsm|Itanium
		{745DEC58-EBB3-47A9-A9B8-4C6627C01BF8}.Ad-Hoc|ARM.Build.0 = ReleaseWithoutAsm|Itanium
		{745DEC58-EBB3-47A9-A9B8-4C6627C01BF8}.Ad-Hoc|iPhone.ActiveCfg = ReleaseWithoutAsm|Itanium
		{745DEC58-EBB3-47A9-A9B8-4C6627C01BF8}.Ad-Hoc|iPhone.Build.0 = ReleaseWithoutAsm|Itanium
		{745DEC58-EBB3-47A9-A9B8-4C6627C01BF8}.Ad-Hoc|iPhoneSimulator.ActiveCfg = ReleaseWithoutAsm|Itanium
		{745DEC58-EBB3-47A9-A9B8-4C6627C01BF8}.Ad-Hoc|iPhoneSimulator.Build.0 = ReleaseWithoutAsm|Itanium
		{745DEC58-EBB3-47A9-A9B8-4C6627C01BF8}.Ad-Hoc|Itanium.ActiveCfg = ReleaseWithoutAsm|Itanium
		{745DEC58-EBB3-47A9-A9B8-4C6627C01BF8}.Ad-Hoc|Itanium.Build.0 = ReleaseWithoutAsm|Itanium
		{745DEC58-EBB3-47A9-A9B8-4C6627C01BF8}.Ad-Hoc|Win32.ActiveCfg = ReleaseWithoutAsm|Win32
		{745DEC58-EBB3-47A9-A9B8-4C6627C01BF8}.Ad-Hoc|Win32.Build.0 = ReleaseWithoutAsm|Win32
		{745DEC58-EBB3-47A9-A9B8-4C6627C01BF8}.Ad-Hoc|x64.ActiveCfg = Release|x64
		{745DEC58-EBB3-47A9-A9B8-4C6627C01BF8}.Ad-Hoc|x64.Build.0 = Release|x64
		{745DEC58-EBB3-47A9-A9B8-4C6627C01BF8}.Ad-Hoc|x86.ActiveCfg = Release|Win32
		{745DEC58-EBB3-47A9-A9B8-4C6627C01BF8}.Ad-Hoc|x86.Build.0 = Release|Win32
		{745DEC58-EBB3-47A9-A9B8-4C6627C01BF8}.AppStore|Any CPU.ActiveCfg = ReleaseWithoutAsm|Itanium
		{745DEC58-EBB3-47A9-A9B8-4C6627C01BF8}.AppStore|Any CPU.Build.0 = ReleaseWithoutAsm|Itanium
		{745DEC58-EBB3-47A9-A9B8-4C6627C01BF8}.AppStore|ARM.ActiveCfg = ReleaseWithoutAsm|Itanium
		{745DEC58-EBB3-47A9-A9B8-4C6627C01BF8}.AppStore|ARM.Build.0 = ReleaseWithoutAsm|Itanium
		{745DEC58-EBB3-47A9-A9B8-4C6627C01BF8}.AppStore|iPhone.ActiveCfg = ReleaseWithoutAsm|Itanium
		{745DEC58-EBB3-47A9-A9B8-4C6627C01BF8}.AppStore|iPhone.Build.0 = ReleaseWithoutAsm|Itanium
		{745DEC58-EBB3-47A9-A9B8-4C6627C01BF8}.AppStore|iPhoneSimulator.ActiveCfg = ReleaseWithoutAsm|Itanium
		{745DEC58-EBB3-47A9-A9B8-4C6627C01BF8}.AppStore|iPhoneSimulator.Build.0 = ReleaseWithoutAsm|Itanium
		{745DEC58-EBB3-47A9-A9B8-4C6627C01BF8}.AppStore|Itanium.ActiveCfg = ReleaseWithoutAsm|Itanium
		{745DEC58-EBB3-47A9-A9B8-4C6627C01BF8}.AppStore|Itanium.Build.0 = ReleaseWithoutAsm|Itanium
		{745DEC58-EBB3-47A9-A9B8-4C6627C01BF8}.AppStore|Win32.ActiveCfg = ReleaseWithoutAsm|Win32
		{745DEC58-EBB3-47A9-A9B8-4C6627C01BF8}.AppStore|Win32.Build.0 = ReleaseWithoutAsm|Win32
		{745DEC58-EBB3-47A9-A9B8-4C6627C01BF8}.AppStore|x64.ActiveCfg = Release|x64
		{745DEC58-EBB3-47A9-A9B8-4C6627C01BF8}.AppStore|x64.Build.0 = Release|x64
		{745DEC58-EBB3-47A9-A9B8-4C6627C01BF8}.AppStore|x86.ActiveCfg = Release|Win32
		{745DEC58-EBB3-47A9-A9B8-4C6627C01BF8}.AppStore|x86.Build.0 = Release|Win32
		{745DEC58-EBB3-47A9-A9B8-4C6627C01BF8}.Debug|Any CPU.ActiveCfg = Debug|Win32
		{745DEC58-EBB3-47A9-A9B8-4C6627C01BF8}.Debug|Any CPU.Build.0 = Debug|Win32
		{745DEC58-EBB3-47A9-A9B8-4C6627C01BF8}.Debug|ARM.ActiveCfg = Debug|Win32
		{745DEC58-EBB3-47A9-A9B8-4C6627C01BF8}.Debug|iPhone.ActiveCfg = Debug|Win32
		{745DEC58-EBB3-47A9-A9B8-4C6627C01BF8}.Debug|iPhoneSimulator.ActiveCfg = Debug|Win32
		{745DEC58-EBB3-47A9-A9B8-4C6627C01BF8}.Debug|Itanium.ActiveCfg = Debug|Itanium
		{745DEC58-EBB3-47A9-A9B8-4C6627C01BF8}.Debug|Itanium.Build.0 = Debug|Itanium
		{745DEC58-EBB3-47A9-A9B8-4C6627C01BF8}.Debug|Win32.ActiveCfg = Debug|Win32
		{745DEC58-EBB3-47A9-A9B8-4C6627C01BF8}.Debug|Win32.Build.0 = Debug|Win32
		{745DEC58-EBB3-47A9-A9B8-4C6627C01BF8}.Debug|x64.ActiveCfg = Debug|x64
		{745DEC58-EBB3-47A9-A9B8-4C6627C01BF8}.Debug|x64.Build.0 = Debug|x64
		{745DEC58-EBB3-47A9-A9B8-4C6627C01BF8}.Debug|x86.ActiveCfg = Debug|Win32
		{745DEC58-EBB3-47A9-A9B8-4C6627C01BF8}.Debug|x86.Build.0 = Debug|Win32
		{745DEC58-EBB3-47A9-A9B8-4C6627C01BF8}.Release|Any CPU.ActiveCfg = ReleaseWithoutAsm|Win32
		{745DEC58-EBB3-47A9-A9B8-4C6627C01BF8}.Release|Any CPU.Build.0 = ReleaseWithoutAsm|Win32
		{745DEC58-EBB3-47A9-A9B8-4C6627C01BF8}.Release|ARM.ActiveCfg = Release|Win32
		{745DEC58-EBB3-47A9-A9B8-4C6627C01BF8}.Release|iPhone.ActiveCfg = Release|Win32
		{745DEC58-EBB3-47A9-A9B8-4C6627C01BF8}.Release|iPhoneSimulator.ActiveCfg = Release|Win32
		{745DEC58-EBB3-47A9-A9B8-4C6627C01BF8}.Release|Itanium.ActiveCfg = Release|Itanium
		{745DEC58-EBB3-47A9-A9B8-4C6627C01BF8}.Release|Itanium.Build.0 = Release|Itanium
		{745DEC58-EBB3-47A9-A9B8-4C6627C01BF8}.Release|Win32.ActiveCfg = ReleaseWithoutAsm|Win32
		{745DEC58-EBB3-47A9-A9B8-4C6627C01BF8}.Release|Win32.Build.0 = ReleaseWithoutAsm|Win32
		{745DEC58-EBB3-47A9-A9B8-4C6627C01BF8}.Release|x64.ActiveCfg = Release|x64
		{745DEC58-EBB3-47A9-A9B8-4C6627C01BF8}.Release|x64.Build.0 = Release|x64
		{745DEC58-EBB3-47A9-A9B8-4C6627C01BF8}.Release|x86.ActiveCfg = Release|Win32
		{745DEC58-EBB3-47A9-A9B8-4C6627C01BF8}.Release|x86.Build.0 = Release|Win32
		{745DEC58-EBB3-47A9-A9B8-4C6627C01BF8}.ReleaseWithoutAsm|Any CPU.ActiveCfg = ReleaseWithoutAsm|Win32
		{745DEC58-EBB3-47A9-A9B8-4C6627C01BF8}.ReleaseWithoutAsm|ARM.ActiveCfg = ReleaseWithoutAsm|Win32
		{745DEC58-EBB3-47A9-A9B8-4C6627C01BF8}.ReleaseWithoutAsm|iPhone.ActiveCfg = ReleaseWithoutAsm|Win32
		{745DEC58-EBB3-47A9-A9B8-4C6627C01BF8}.ReleaseWithoutAsm|iPhoneSimulator.ActiveCfg = ReleaseWithoutAsm|Win32
		{745DEC58-EBB3-47A9-A9B8-4C6627C01BF8}.ReleaseWithoutAsm|Itanium.ActiveCfg = ReleaseWithoutAsm|Itanium
		{745DEC58-EBB3-47A9-A9B8-4C6627C01BF8}.ReleaseWithoutAsm|Itanium.Build.0 = ReleaseWithoutAsm|Itanium
		{745DEC58-EBB3-47A9-A9B8-4C6627C01BF8}.ReleaseWithoutAsm|Win32.ActiveCfg = ReleaseWithoutAsm|Win32
		{745DEC58-EBB3-47A9-A9B8-4C6627C01BF8}.ReleaseWithoutAsm|Win32.Build.0 = ReleaseWithoutAsm|Win32
		{745DEC58-EBB3-47A9-A9B8-4C6627C01BF8}.ReleaseWithoutAsm|x64.ActiveCfg = ReleaseWithoutAsm|x64
		{745DEC58-EBB3-47A9-A9B8-4C6627C01BF8}.ReleaseWithoutAsm|x64.Build.0 = ReleaseWithoutAsm|x64
		{745DEC58-EBB3-47A9-A9B8-4C6627C01BF8}.ReleaseWithoutAsm|x86.ActiveCfg = ReleaseWithoutAsm|Win32
		{745DEC58-EBB3-47A9-A9B8-4C6627C01BF8}.ReleaseWithoutAsm|x86.Build.0 = ReleaseWithoutAsm|Win32
		{AC881460-AE29-4D6C-9E8A-9569DD69F54A}.Ad-Hoc|Any CPU.ActiveCfg = Release|x64
		{AC881460-AE29-4D6C-9E8A-9569DD69F54A}.Ad-Hoc|Any CPU.Build.0 = Release|x64
		{AC881460-AE29-4D6C-9E8A-9569DD69F54A}.Ad-Hoc|ARM.ActiveCfg = Release|x64
		{AC881460-AE29-4D6C-9E8A-9569DD69F54A}.Ad-Hoc|ARM.Build.0 = Release|x64
		{AC881460-AE29-4D6C-9E8A-9569DD69F54A}.Ad-Hoc|iPhone.ActiveCfg = Release|x64
		{AC881460-AE29-4D6C-9E8A-9569DD69F54A}.Ad-Hoc|iPhone.Build.0 = Release|x64
		{AC881460-AE29-4D6C-9E8A-9569DD69F54A}.Ad-Hoc|iPhoneSimulator.ActiveCfg = Release|x64
		{AC881460-AE29-4D6C-9E8A-9569DD69F54A}.Ad-Hoc|iPhoneSimulator.Build.0 = Release|x64
		{AC881460-AE29-4D6C-9E8A-9569DD69F54A}.Ad-Hoc|Itanium.ActiveCfg = Release|x64
		{AC881460-AE29-4D6C-9E8A-9569DD69F54A}.Ad-Hoc|Itanium.Build.0 = Release|x64
		{AC881460-AE29-4D6C-9E8A-9569DD69F54A}.Ad-Hoc|Win32.ActiveCfg = Release|Win32
		{AC881460-AE29-4D6C-9E8A-9569DD69F54A}.Ad-Hoc|Win32.Build.0 = Release|Win32
		{AC881460-AE29-4D6C-9E8A-9569DD69F54A}.Ad-Hoc|x64.ActiveCfg = Release|x64
		{AC881460-AE29-4D6C-9E8A-9569DD69F54A}.Ad-Hoc|x64.Build.0 = Release|x64
		{AC881460-AE29-4D6C-9E8A-9569DD69F54A}.Ad-Hoc|x86.ActiveCfg = Release|Win32
		{AC881460-AE29-4D6C-9E8A-9569DD69F54A}.Ad-Hoc|x86.Build.0 = Release|Win32
		{AC881460-AE29-4D6C-9E8A-9569DD69F54A}.AppStore|Any CPU.ActiveCfg = Release|x64
		{AC881460-AE29-4D6C-9E8A-9569DD69F54A}.AppStore|Any CPU.Build.0 = Release|x64
		{AC881460-AE29-4D6C-9E8A-9569DD69F54A}.AppStore|ARM.ActiveCfg = Release|x64
		{AC881460-AE29-4D6C-9E8A-9569DD69F54A}.AppStore|ARM.Build.0 = Release|x64
		{AC881460-AE29-4D6C-9E8A-9569DD69F54A}.AppStore|iPhone.ActiveCfg = Release|x64
		{AC881460-AE29-4D6C-9E8A-9569DD69F54A}.AppStore|iPhone.Build.0 = Release|x64
		{AC881460-AE29-4D6C-9E8A-9569DD69F54A}.AppStore|iPhoneSimulator.ActiveCfg = Release|x64
		{AC881460-AE29-4D6C-9E8A-9569DD69F54A}.AppStore|iPhoneSimulator.Build.0 = Release|x64
		{AC881460-AE29-4D6C-9E8A-9569DD69F54A}.AppStore|Itanium.ActiveCfg = Release|x64
		{AC881460-AE29-4D6C-9E8A-9569DD69F54A}.AppStore|Itanium.Build.0 = Release|x64
		{AC881460-AE29-4D6C-9E8A-9569DD69F54A}.AppStore|Win32.ActiveCfg = Release|Win32
		{AC881460-AE29-4D6C-9E8A-9569DD69F54A}.AppStore|Win32.Build.0 = Release|Win32
		{AC881460-AE29-4D6C-9E8A-9569DD69F54A}.AppStore|x64.ActiveCfg = Release|x64
		{AC881460-AE29-4D6C-9E8A-9569DD69F54A}.AppStore|x64.Build.0 = Release|x64
		{AC881460-AE29-4D6C-9E8A-9569DD69F54A}.AppStore|x86.ActiveCfg = Release|Win32
		{AC881460-AE29-4D6C-9E8A-9569DD69F54A}.AppStore|x86.Build.0 = Release|Win32
		{AC881460-AE29-4D6C-9E8A-9569DD69F54A}.Debug|Any CPU.ActiveCfg = Debug|Win32
		{AC881460-AE29-4D6C-9E8A-9569DD69F54A}.Debug|ARM.ActiveCfg = Debug|Win32
		{AC881460-AE29-4D6C-9E8A-9569DD69F54A}.Debug|iPhone.ActiveCfg = Debug|Win32
		{AC881460-AE29-4D6C-9E8A-9569DD69F54A}.Debug|iPhoneSimulator.ActiveCfg = Debug|Win32
		{AC881460-AE29-4D6C-9E8A-9569DD69F54A}.Debug|Itanium.ActiveCfg = Debug|Win32
		{AC881460-AE29-4D6C-9E8A-9569DD69F54A}.Debug|Win32.ActiveCfg = Debug|Win32
		{AC881460-AE29-4D6C-9E8A-9569DD69F54A}.Debug|Win32.Build.0 = Debug|Win32
		{AC881460-AE29-4D6C-9E8A-9569DD69F54A}.Debug|x64.ActiveCfg = Debug|x64
		{AC881460-AE29-4D6C-9E8A-9569DD69F54A}.Debug|x64.Build.0 = Debug|x64
		{AC881460-AE29-4D6C-9E8A-9569DD69F54A}.Debug|x86.ActiveCfg = Debug|Win32
		{AC881460-AE29-4D6C-9E8A-9569DD69F54A}.Debug|x86.Build.0 = Debug|Win32
		{AC881460-AE29-4D6C-9E8A-9569DD69F54A}.Release|Any CPU.ActiveCfg = Release|Win32
		{AC881460-AE29-4D6C-9E8A-9569DD69F54A}.Release|ARM.ActiveCfg = Release|Win32
		{AC881460-AE29-4D6C-9E8A-9569DD69F54A}.Release|iPhone.ActiveCfg = Release|Win32
		{AC881460-AE29-4D6C-9E8A-9569DD69F54A}.Release|iPhoneSimulator.ActiveCfg = Release|Win32
		{AC881460-AE29-4D6C-9E8A-9569DD69F54A}.Release|Itanium.ActiveCfg = Release|Win32
		{AC881460-AE29-4D6C-9E8A-9569DD69F54A}.Release|Win32.ActiveCfg = Release|Win32
		{AC881460-AE29-4D6C-9E8A-9569DD69F54A}.Release|Win32.Build.0 = Release|Win32
		{AC881460-AE29-4D6C-9E8A-9569DD69F54A}.Release|x64.ActiveCfg = Release|x64
		{AC881460-AE29-4D6C-9E8A-9569DD69F54A}.Release|x64.Build.0 = Release|x64
		{AC881460-AE29-4D6C-9E8A-9569DD69F54A}.Release|x86.ActiveCfg = Release|Win32
		{AC881460-AE29-4D6C-9E8A-9569DD69F54A}.Release|x86.Build.0 = Release|Win32
		{AC881460-AE29-4D6C-9E8A-9569DD69F54A}.ReleaseWithoutAsm|Any CPU.ActiveCfg = Release|x64
		{AC881460-AE29-4D6C-9E8A-9569DD69F54A}.ReleaseWithoutAsm|Any CPU.Build.0 = Release|x64
		{AC881460-AE29-4D6C-9E8A-9569DD69F54A}.ReleaseWithoutAsm|ARM.ActiveCfg = Release|x64
		{AC881460-AE29-4D6C-9E8A-9569DD69F54A}.ReleaseWithoutAsm|ARM.Build.0 = Release|x64
		{AC881460-AE29-4D6C-9E8A-9569DD69F54A}.ReleaseWithoutAsm|iPhone.ActiveCfg = Release|x64
		{AC881460-AE29-4D6C-9E8A-9569DD69F54A}.ReleaseWithoutAsm|iPhone.Build.0 = Release|x64
		{AC881460-AE29-4D6C-9E8A-9569DD69F54A}.ReleaseWithoutAsm|iPhoneSimulator.ActiveCfg = Release|x64
		{AC881460-AE29-4D6C-9E8A-9569DD69F54A}.ReleaseWithoutAsm|iPhoneSimulator.Build.0 = Release|x64
		{AC881460-AE29-4D6C-9E8A-9569DD69F54A}.ReleaseWithoutAsm|Itanium.ActiveCfg = Release|x64
		{AC881460-AE29-4D6C-9E8A-9569DD69F54A}.ReleaseWithoutAsm|Itanium.Build.0 = Release|x64
		{AC881460-AE29-4D6C-9E8A-9569DD69F54A}.ReleaseWithoutAsm|Win32.ActiveCfg = Release|Win32
		{AC881460-AE29-4D6C-9E8A-9569DD69F54A}.ReleaseWithoutAsm|Win32.Build.0 = Release|Win32
		{AC881460-AE29-4D6C-9E8A-9569DD69F54A}.ReleaseWithoutAsm|x64.ActiveCfg = Release|x64
		{AC881460-AE29-4D6C-9E8A-9569DD69F54A}.ReleaseWithoutAsm|x64.Build.0 = Release|x64
		{AC881460-AE29-4D6C-9E8A-9569DD69F54A}.ReleaseWithoutAsm|x86.ActiveCfg = Release|Win32
		{AC881460-AE29-4D6C-9E8A-9569DD69F54A}.ReleaseWithoutAsm|x86.Build.0 = Release|Win32
	EndGlobalSection
	GlobalSection(SolutionProperties) = preSolution
		HideSolutionNode = FALSE
	EndGlobalSection
	GlobalSection(NestedProjects) = preSolution
		{F7D673FF-6E5B-4BE9-B250-DC320D623696} = {E6867F5E-CFC7-4A9D-9F27-E60E3A0A8044}
		{219EC965-228A-1824-174D-96449D05F88A} = {E6867F5E-CFC7-4A9D-9F27-E60E3A0A8044}
		{245603E3-F580-41A5-9632-B25FE3372CBF} = {E6867F5E-CFC7-4A9D-9F27-E60E3A0A8044}
		{C303D2FC-FF97-49B8-9DDD-467B4C9A0B16} = {E6867F5E-CFC7-4A9D-9F27-E60E3A0A8044}
		{9C4961D2-5DDB-40C7-9BE8-CA918DC4E782} = {E6867F5E-CFC7-4A9D-9F27-E60E3A0A8044}
		{745DEC58-EBB3-47A9-A9B8-4C6627C01BF8} = {E6867F5E-CFC7-4A9D-9F27-E60E3A0A8044}
		{AC881460-AE29-4D6C-9E8A-9569DD69F54A} = {E6867F5E-CFC7-4A9D-9F27-E60E3A0A8044}
	EndGlobalSection
	GlobalSection(ExtensibilityGlobals) = postSolution
		AMDCaProjectFile = 
	EndGlobalSection
EndGlobal
