
Microsoft Visual Studio Solution File, Format Version 12.00
# Visual Studio 14
VisualStudioVersion = 14.0.24720.0
MinimumVisualStudioVersion = 10.0.40219.1
Project("{2150E333-8FDC-42A3-9474-1A3956D46DE8}") = "nestopia", "nestopia", "{BB3360C8-11DB-40A0-BEC8-9DF15813BA57}"
EndProject
Project("{2150E333-8FDC-42A3-9474-1A3956D46DE8}") = "emucore", "emucore", "{2015932E-8563-482E-9538-81F070A43CA7}"
EndProject
Project("{8BC9CEB8-8B4A-11D0-8D11-00A0C91BC942}") = "emucore.Shared", "emucore\emucore.Shared\emucore.Shared.vcxitems", "{FBF47402-F4AA-4AD7-886A-01EE2D8A7A60}"
EndProject
Project("{8BC9CEB8-8B4A-11D0-8D11-00A0C91BC942}") = "emucore.Windows", "emucore\emucore.Windows\emucore.Windows.vcxproj", "{38058CBE-6F90-4382-BB8B-5A0CB4AF5632}"
EndProject
Project("{8BC9CEB8-8B4A-11D0-8D11-00A0C91BC942}") = "emucore.WindowsPhone", "emucore\emucore.WindowsPhone\emucore.WindowsPhone.vcxproj", "{954F4D27-17A2-4B08-A834-336AB2378661}"
EndProject
Project("{2150E333-8FDC-42A3-9474-1A3956D46DE8}") = "RemoteController", "RemoteController", "{D837CD79-E251-4C80-8CD2-CC0ABC7AC060}"
EndProject
Project("{2150E333-8FDC-42A3-9474-1A3956D46DE8}") = "RemoteControllerWinRT", "RemoteControllerWinRT", "{E54BB448-46D6-494D-8101-C743FCA8EB25}"
EndProject
Project("{8BC9CEB8-8B4A-11D0-8D11-00A0C91BC942}") = "RemoteControllerWinRT.Shared", "..\..\third-party\RemoteController\RemoteControllerWinRT\RemoteControllerWinRT.Shared\RemoteControllerWinRT.Shared.vcxitems", "{B2F56166-9DD8-41DC-98CB-E8D75B39C314}"
EndProject
Project("{8BC9CEB8-8B4A-11D0-8D11-00A0C91BC942}") = "RemoteControllerWinRT.Windows", "..\..\third-party\RemoteController\RemoteControllerWinRT\RemoteControllerWinRT.Windows\RemoteControllerWinRT.Windows.vcxproj", "{542B0731-31AF-4BD4-9AE1-EE442E1CFB2D}"
	ProjectSection(ProjectDependencies) = postProject
		{D140D4DD-FE9F-43E4-9EDF-A9E0058BBA56} = {D140D4DD-FE9F-43E4-9EDF-A9E0058BBA56}
	EndProjectSection
EndProject
Project("{8BC9CEB8-8B4A-11D0-8D11-00A0C91BC942}") = "RemoteControllerWinRT.WindowsPhone", "..\..\third-party\RemoteController\RemoteControllerWinRT\RemoteControllerWinRT.WindowsPhone\RemoteControllerWinRT.WindowsPhone.vcxproj", "{A1B9ED68-9183-4241-9615-45E567D9CA7D}"
	ProjectSection(ProjectDependencies) = postProject
		{2BE91149-7AD8-40C5-ABFD-6D607A6B7105} = {2BE91149-7AD8-40C5-ABFD-6D607A6B7105}
	EndProjectSection
EndProject
Project("{2150E333-8FDC-42A3-9474-1A3956D46DE8}") = "zlib_stastic_winrt", "zlib_stastic_winrt", "{9250B709-9A23-405E-A522-B3FF51E557BF}"
EndProject
Project("{8BC9CEB8-8B4A-11D0-8D11-00A0C91BC942}") = "zlib_stastic_winrt.Shared", "..\..\third-party\RemoteController\third-party\zlib-1.2.8\contrib\vstudio\vc14\zlib_stastic_winrt\zlib_stastic_winrt.Shared\zlib_stastic_winrt.Shared.vcxitems", "{13197D82-BCDB-4154-B3D7-FC0F122DEE7B}"
EndProject
Project("{8BC9CEB8-8B4A-11D0-8D11-00A0C91BC942}") = "zlib_stastic_winrt.Windows", "..\..\third-party\RemoteController\third-party\zlib-1.2.8\contrib\vstudio\vc14\zlib_stastic_winrt\zlib_stastic_winrt.Windows\zlib_stastic_winrt.Windows.vcxproj", "{D140D4DD-FE9F-43E4-9EDF-A9E0058BBA56}"
EndProject
Project("{8BC9CEB8-8B4A-11D0-8D11-00A0C91BC942}") = "zlib_stastic_winrt.WindowsPhone", "..\..\third-party\RemoteController\third-party\zlib-1.2.8\contrib\vstudio\vc14\zlib_stastic_winrt\zlib_stastic_winrt.WindowsPhone\zlib_stastic_winrt.WindowsPhone.vcxproj", "{2BE91149-7AD8-40C5-ABFD-6D607A6B7105}"
EndProject
Project("{2150E333-8FDC-42A3-9474-1A3956D46DE8}") = "opus_winrt", "opus_winrt", "{1C101952-119F-4EF7-B7F2-B8864F9DB32C}"
EndProject
Project("{8BC9CEB8-8B4A-11D0-8D11-00A0C91BC942}") = "opus_winrt.Shared", "..\..\third-party\RemoteController\third-party\opus-prebuilt\WinRT\opus_winrt.Shared\opus_winrt.Shared.vcxitems", "{C3BA6195-9701-4C38-A2C9-D2320ED73D4D}"
EndProject
Project("{8BC9CEB8-8B4A-11D0-8D11-00A0C91BC942}") = "opus_winrt.Windows", "..\..\third-party\RemoteController\third-party\opus-prebuilt\WinRT\opus_winrt.Windows\opus_winrt.Windows.vcxproj", "{4C00FFE6-8A5F-46B0-848D-DF74B7072326}"
EndProject
Project("{8BC9CEB8-8B4A-11D0-8D11-00A0C91BC942}") = "opus_winrt.WindowsPhone", "..\..\third-party\RemoteController\third-party\opus-prebuilt\WinRT\opus_winrt.WindowsPhone\opus_winrt.WindowsPhone.vcxproj", "{1030CF22-46B1-4549-A809-BC68E780D6C6}"
EndProject
Project("{2150E333-8FDC-42A3-9474-1A3956D46DE8}") = "ImagesLoaderWinRT", "ImagesLoaderWinRT", "{9CAB47E7-C337-4030-B839-5E1503934531}"
EndProject
Project("{8BC9CEB8-8B4A-11D0-8D11-00A0C91BC942}") = "ImagesLoaderWinRT.Shared", "..\..\third-party\HQFramework\ImagesLoader\ImagesLoaderWinRT\ImagesLoaderWinRT.Shared\ImagesLoaderWinRT.Shared.vcxitems", "{1CA98C70-FD58-4021-A438-A84753EC20BE}"
EndProject
Project("{8BC9CEB8-8B4A-11D0-8D11-00A0C91BC942}") = "ImagesLoaderWinRT.Windows", "..\..\third-party\HQFramework\ImagesLoader\ImagesLoaderWinRT\ImagesLoaderWinRT.Windows\ImagesLoaderWinRT.Windows.vcxproj", "{5865A3CB-9681-431B-833E-7182EA0FBCC5}"
EndProject
Project("{8BC9CEB8-8B4A-11D0-8D11-00A0C91BC942}") = "ImagesLoaderWinRT.WindowsPhone", "..\..\third-party\HQFramework\ImagesLoader\ImagesLoaderWinRT\ImagesLoaderWinRT.WindowsPhone\ImagesLoaderWinRT.WindowsPhone.vcxproj", "{201A04D3-A151-4DB5-9829-9BEBD5E9DCF5}"
EndProject
Project("{2150E333-8FDC-42A3-9474-1A3956D46DE8}") = "soxr", "soxr", "{DA37BB8C-9FA5-452E-8F73-C30F30A25379}"
EndProject
Project("{8BC9CEB8-8B4A-11D0-8D11-00A0C91BC942}") = "soxr.Shared", "soxr\soxr.Shared\soxr.Shared.vcxitems", "{D510FA78-AB38-4C7B-BF61-BA77F2E68080}"
EndProject
Project("{8BC9CEB8-8B4A-11D0-8D11-00A0C91BC942}") = "soxr.Windows", "soxr\soxr.Windows\soxr.Windows.vcxproj", "{39206B04-715F-4B45-8298-6DFB3C4B4628}"
EndProject
Project("{8BC9CEB8-8B4A-11D0-8D11-00A0C91BC942}") = "soxr.WindowsPhone", "soxr\soxr.WindowsPhone\soxr.WindowsPhone.vcxproj", "{E80B1F12-34F7-41F4-9A4B-A96E73C8F513}"
EndProject
Project("{2150E333-8FDC-42A3-9474-1A3956D46DE8}") = "MultiNES", "MultiNES", "{D3CBD353-9720-425E-B11A-D1A16470618D}"
EndProject
Project("{8BC9CEB8-8B4A-11D0-8D11-00A0C91BC942}") = "MultiNES.Shared", "MultiNES\MultiNES.Shared\MultiNES.Shared.vcxitems", "{BBFE12A8-7BF1-4A35-B9BF-75E191AA4C39}"
EndProject
Project("{8BC9CEB8-8B4A-11D0-8D11-00A0C91BC942}") = "MultiNES.Windows", "MultiNES\MultiNES.Windows\MultiNES.Windows.vcxproj", "{74FE51E2-F16D-4329-82E8-70A01276C6BD}"
EndProject
Project("{8BC9CEB8-8B4A-11D0-8D11-00A0C91BC942}") = "MultiNES.WindowsPhone", "MultiNES\MultiNES.WindowsPhone\MultiNES.WindowsPhone.vcxproj", "{C868B237-234C-46A2-9AF7-6DAE36093A52}"
EndProject
Global
	GlobalSection(SharedMSBuildProjectFiles) = preSolution
		MultiNES\MultiNES.Shared\MultiNES.Shared.vcxitems*{c868b237-234c-46a2-9af7-6dae36093a52}*SharedItemsImports = 4
		..\..\third-party\RemoteController\third-party\opus-prebuilt\WinRT\opus_winrt.Shared\opus_winrt.Shared.vcxitems*{c3ba6195-9701-4c38-a2c9-d2320ed73d4d}*SharedItemsImports = 9
		..\..\third-party\RemoteController\third-party\zlib-1.2.8\contrib\vstudio\vc14\zlib_stastic_winrt\zlib_stastic_winrt.Shared\zlib_stastic_winrt.Shared.vcxitems*{d140d4dd-fe9f-43e4-9edf-a9e0058bba56}*SharedItemsImports = 4
		..\..\third-party\RemoteController\RemoteControllerWinRT\RemoteControllerWinRT.Shared\RemoteControllerWinRT.Shared.vcxitems*{542b0731-31af-4bd4-9ae1-ee442e1cfb2d}*SharedItemsImports = 4
		emucore\emucore.Shared\emucore.Shared.vcxitems*{954f4d27-17a2-4b08-a834-336ab2378661}*SharedItemsImports = 4
		MultiNES\MultiNES.Shared\MultiNES.Shared.vcxitems*{bbfe12a8-7bf1-4a35-b9bf-75e191aa4c39}*SharedItemsImports = 9
		..\..\third-party\HQFramework\ImagesLoader\ImagesLoaderWinRT\ImagesLoaderWinRT.Shared\ImagesLoaderWinRT.Shared.vcxitems*{5865a3cb-9681-431b-833e-7182ea0fbcc5}*SharedItemsImports = 4
		soxr\soxr.Shared\soxr.Shared.vcxitems*{d510fa78-ab38-4c7b-bf61-ba77f2e68080}*SharedItemsImports = 9
		..\..\third-party\RemoteController\RemoteControllerWinRT\RemoteControllerWinRT.Shared\RemoteControllerWinRT.Shared.vcxitems*{b2f56166-9dd8-41dc-98cb-e8d75b39c314}*SharedItemsImports = 9
		..\..\third-party\RemoteController\third-party\opus-prebuilt\WinRT\opus_winrt.Shared\opus_winrt.Shared.vcxitems*{1030cf22-46b1-4549-a809-bc68e780d6c6}*SharedItemsImports = 4
		MultiNES\MultiNES.Shared\MultiNES.Shared.vcxitems*{74fe51e2-f16d-4329-82e8-70a01276c6bd}*SharedItemsImports = 4
		emucore\emucore.Shared\emucore.Shared.vcxitems*{38058cbe-6f90-4382-bb8b-5a0cb4af5632}*SharedItemsImports = 4
		emucore\emucore.Shared\emucore.Shared.vcxitems*{fbf47402-f4aa-4ad7-886a-01ee2d8a7a60}*SharedItemsImports = 9
		..\..\third-party\RemoteController\third-party\opus-prebuilt\WinRT\opus_winrt.Shared\opus_winrt.Shared.vcxitems*{4c00ffe6-8a5f-46b0-848d-df74b7072326}*SharedItemsImports = 4
		..\..\third-party\HQFramework\ImagesLoader\ImagesLoaderWinRT\ImagesLoaderWinRT.Shared\ImagesLoaderWinRT.Shared.vcxitems*{201a04d3-a151-4db5-9829-9bebd5e9dcf5}*SharedItemsImports = 4
		soxr\soxr.Shared\soxr.Shared.vcxitems*{39206b04-715f-4b45-8298-6dfb3c4b4628}*SharedItemsImports = 4
		..\..\third-party\RemoteController\third-party\zlib-1.2.8\contrib\vstudio\vc14\zlib_stastic_winrt\zlib_stastic_winrt.Shared\zlib_stastic_winrt.Shared.vcxitems*{2be91149-7ad8-40c5-abfd-6d607a6b7105}*SharedItemsImports = 4
		..\..\third-party\HQFramework\ImagesLoader\ImagesLoaderWinRT\ImagesLoaderWinRT.Shared\ImagesLoaderWinRT.Shared.vcxitems*{1ca98c70-fd58-4021-a438-a84753ec20be}*SharedItemsImports = 9
		..\..\third-party\RemoteController\third-party\zlib-1.2.8\contrib\vstudio\vc14\zlib_stastic_winrt\zlib_stastic_winrt.Shared\zlib_stastic_winrt.Shared.vcxitems*{13197d82-bcdb-4154-b3d7-fc0f122dee7b}*SharedItemsImports = 9
		..\..\third-party\RemoteController\RemoteControllerWinRT\RemoteControllerWinRT.Shared\RemoteControllerWinRT.Shared.vcxitems*{a1b9ed68-9183-4241-9615-45e567d9ca7d}*SharedItemsImports = 4
		soxr\soxr.Shared\soxr.Shared.vcxitems*{e80b1f12-34f7-41f4-9a4b-a96e73c8f513}*SharedItemsImports = 4
	EndGlobalSection
	GlobalSection(SolutionConfigurationPlatforms) = preSolution
		Debug static CRT|ARM = Debug static CRT|ARM
		Debug static CRT|x64 = Debug static CRT|x64
		Debug static CRT|x86 = Debug static CRT|x86
		Debug|ARM = Debug|ARM
		Debug|x64 = Debug|x64
		Debug|x86 = Debug|x86
		release noptimize|ARM = release noptimize|ARM
		release noptimize|x64 = release noptimize|x64
		release noptimize|x86 = release noptimize|x86
		Release static CRT|ARM = Release static CRT|ARM
		Release static CRT|x64 = Release static CRT|x64
		Release static CRT|x86 = Release static CRT|x86
		Release|ARM = Release|ARM
		Release|x64 = Release|x64
		Release|x86 = Release|x86
	EndGlobalSection
	GlobalSection(ProjectConfigurationPlatforms) = postSolution
		{38058CBE-6F90-4382-BB8B-5A0CB4AF5632}.Debug static CRT|ARM.ActiveCfg = Debug|ARM
		{38058CBE-6F90-4382-BB8B-5A0CB4AF5632}.Debug static CRT|ARM.Build.0 = Debug|ARM
		{38058CBE-6F90-4382-BB8B-5A0CB4AF5632}.Debug static CRT|x64.ActiveCfg = Debug|x64
		{38058CBE-6F90-4382-BB8B-5A0CB4AF5632}.Debug static CRT|x64.Build.0 = Debug|x64
		{38058CBE-6F90-4382-BB8B-5A0CB4AF5632}.Debug static CRT|x86.ActiveCfg = Debug|Win32
		{38058CBE-6F90-4382-BB8B-5A0CB4AF5632}.Debug static CRT|x86.Build.0 = Debug|Win32
		{38058CBE-6F90-4382-BB8B-5A0CB4AF5632}.Debug|ARM.ActiveCfg = Debug|ARM
		{38058CBE-6F90-4382-BB8B-5A0CB4AF5632}.Debug|ARM.Build.0 = Debug|ARM
		{38058CBE-6F90-4382-BB8B-5A0CB4AF5632}.Debug|x64.ActiveCfg = Debug|x64
		{38058CBE-6F90-4382-BB8B-5A0CB4AF5632}.Debug|x64.Build.0 = Debug|x64
		{38058CBE-6F90-4382-BB8B-5A0CB4AF5632}.Debug|x86.ActiveCfg = Debug|Win32
		{38058CBE-6F90-4382-BB8B-5A0CB4AF5632}.Debug|x86.Build.0 = Debug|Win32
		{38058CBE-6F90-4382-BB8B-5A0CB4AF5632}.release noptimize|ARM.ActiveCfg = Release|ARM
		{38058CBE-6F90-4382-BB8B-5A0CB4AF5632}.release noptimize|ARM.Build.0 = Release|ARM
		{38058CBE-6F90-4382-BB8B-5A0CB4AF5632}.release noptimize|x64.ActiveCfg = Release|x64
		{38058CBE-6F90-4382-BB8B-5A0CB4AF5632}.release noptimize|x64.Build.0 = Release|x64
		{38058CBE-6F90-4382-BB8B-5A0CB4AF5632}.release noptimize|x86.ActiveCfg = Release|Win32
		{38058CBE-6F90-4382-BB8B-5A0CB4AF5632}.release noptimize|x86.Build.0 = Release|Win32
		{38058CBE-6F90-4382-BB8B-5A0CB4AF5632}.Release static CRT|ARM.ActiveCfg = Release|ARM
		{38058CBE-6F90-4382-BB8B-5A0CB4AF5632}.Release static CRT|ARM.Build.0 = Release|ARM
		{38058CBE-6F90-4382-BB8B-5A0CB4AF5632}.Release static CRT|x64.ActiveCfg = Release|x64
		{38058CBE-6F90-4382-BB8B-5A0CB4AF5632}.Release static CRT|x64.Build.0 = Release|x64
		{38058CBE-6F90-4382-BB8B-5A0CB4AF5632}.Release static CRT|x86.ActiveCfg = Release|Win32
		{38058CBE-6F90-4382-BB8B-5A0CB4AF5632}.Release static CRT|x86.Build.0 = Release|Win32
		{38058CBE-6F90-4382-BB8B-5A0CB4AF5632}.Release|ARM.ActiveCfg = Release|ARM
		{38058CBE-6F90-4382-BB8B-5A0CB4AF5632}.Release|ARM.Build.0 = Release|ARM
		{38058CBE-6F90-4382-BB8B-5A0CB4AF5632}.Release|x64.ActiveCfg = Release|x64
		{38058CBE-6F90-4382-BB8B-5A0CB4AF5632}.Release|x64.Build.0 = Release|x64
		{38058CBE-6F90-4382-BB8B-5A0CB4AF5632}.Release|x86.ActiveCfg = Release|Win32
		{38058CBE-6F90-4382-BB8B-5A0CB4AF5632}.Release|x86.Build.0 = Release|Win32
		{954F4D27-17A2-4B08-A834-336AB2378661}.Debug static CRT|ARM.ActiveCfg = Debug|ARM
		{954F4D27-17A2-4B08-A834-336AB2378661}.Debug static CRT|ARM.Build.0 = Debug|ARM
		{954F4D27-17A2-4B08-A834-336AB2378661}.Debug static CRT|x64.ActiveCfg = Release|Win32
		{954F4D27-17A2-4B08-A834-336AB2378661}.Debug static CRT|x64.Build.0 = Release|Win32
		{954F4D27-17A2-4B08-A834-336AB2378661}.Debug static CRT|x86.ActiveCfg = Debug|Win32
		{954F4D27-17A2-4B08-A834-336AB2378661}.Debug static CRT|x86.Build.0 = Debug|Win32
		{954F4D27-17A2-4B08-A834-336AB2378661}.Debug|ARM.ActiveCfg = Debug|ARM
		{954F4D27-17A2-4B08-A834-336AB2378661}.Debug|ARM.Build.0 = Debug|ARM
		{954F4D27-17A2-4B08-A834-336AB2378661}.Debug|x64.ActiveCfg = Debug|Win32
		{954F4D27-17A2-4B08-A834-336AB2378661}.Debug|x86.ActiveCfg = Debug|Win32
		{954F4D27-17A2-4B08-A834-336AB2378661}.Debug|x86.Build.0 = Debug|Win32
		{954F4D27-17A2-4B08-A834-336AB2378661}.release noptimize|ARM.ActiveCfg = Release|ARM
		{954F4D27-17A2-4B08-A834-336AB2378661}.release noptimize|ARM.Build.0 = Release|ARM
		{954F4D27-17A2-4B08-A834-336AB2378661}.release noptimize|x64.ActiveCfg = Release|Win32
		{954F4D27-17A2-4B08-A834-336AB2378661}.release noptimize|x64.Build.0 = Release|Win32
		{954F4D27-17A2-4B08-A834-336AB2378661}.release noptimize|x86.ActiveCfg = Release|Win32
		{954F4D27-17A2-4B08-A834-336AB2378661}.release noptimize|x86.Build.0 = Release|Win32
		{954F4D27-17A2-4B08-A834-336AB2378661}.Release static CRT|ARM.ActiveCfg = Release|ARM
		{954F4D27-17A2-4B08-A834-336AB2378661}.Release static CRT|ARM.Build.0 = Release|ARM
		{954F4D27-17A2-4B08-A834-336AB2378661}.Release static CRT|x64.ActiveCfg = Release|Win32
		{954F4D27-17A2-4B08-A834-336AB2378661}.Release static CRT|x64.Build.0 = Release|Win32
		{954F4D27-17A2-4B08-A834-336AB2378661}.Release static CRT|x86.ActiveCfg = Release|Win32
		{954F4D27-17A2-4B08-A834-336AB2378661}.Release static CRT|x86.Build.0 = Release|Win32
		{954F4D27-17A2-4B08-A834-336AB2378661}.Release|ARM.ActiveCfg = Release|ARM
		{954F4D27-17A2-4B08-A834-336AB2378661}.Release|ARM.Build.0 = Release|ARM
		{954F4D27-17A2-4B08-A834-336AB2378661}.Release|x64.ActiveCfg = Release|Win32
		{954F4D27-17A2-4B08-A834-336AB2378661}.Release|x86.ActiveCfg = Release|Win32
		{954F4D27-17A2-4B08-A834-336AB2378661}.Release|x86.Build.0 = Release|Win32
		{542B0731-31AF-4BD4-9AE1-EE442E1CFB2D}.Debug static CRT|ARM.ActiveCfg = Debug|ARM
		{542B0731-31AF-4BD4-9AE1-EE442E1CFB2D}.Debug static CRT|ARM.Build.0 = Debug|ARM
		{542B0731-31AF-4BD4-9AE1-EE442E1CFB2D}.Debug static CRT|x64.ActiveCfg = Debug|x64
		{542B0731-31AF-4BD4-9AE1-EE442E1CFB2D}.Debug static CRT|x64.Build.0 = Debug|x64
		{542B0731-31AF-4BD4-9AE1-EE442E1CFB2D}.Debug static CRT|x86.ActiveCfg = Debug|Win32
		{542B0731-31AF-4BD4-9AE1-EE442E1CFB2D}.Debug static CRT|x86.Build.0 = Debug|Win32
		{542B0731-31AF-4BD4-9AE1-EE442E1CFB2D}.Debug|ARM.ActiveCfg = Debug|ARM
		{542B0731-31AF-4BD4-9AE1-EE442E1CFB2D}.Debug|ARM.Build.0 = Debug|ARM
		{542B0731-31AF-4BD4-9AE1-EE442E1CFB2D}.Debug|x64.ActiveCfg = Debug|x64
		{542B0731-31AF-4BD4-9AE1-EE442E1CFB2D}.Debug|x64.Build.0 = Debug|x64
		{542B0731-31AF-4BD4-9AE1-EE442E1CFB2D}.Debug|x86.ActiveCfg = Debug|Win32
		{542B0731-31AF-4BD4-9AE1-EE442E1CFB2D}.Debug|x86.Build.0 = Debug|Win32
		{542B0731-31AF-4BD4-9AE1-EE442E1CFB2D}.release noptimize|ARM.ActiveCfg = Release|ARM
		{542B0731-31AF-4BD4-9AE1-EE442E1CFB2D}.release noptimize|ARM.Build.0 = Release|ARM
		{542B0731-31AF-4BD4-9AE1-EE442E1CFB2D}.release noptimize|x64.ActiveCfg = Release|x64
		{542B0731-31AF-4BD4-9AE1-EE442E1CFB2D}.release noptimize|x64.Build.0 = Release|x64
		{542B0731-31AF-4BD4-9AE1-EE442E1CFB2D}.release noptimize|x86.ActiveCfg = Release|Win32
		{542B0731-31AF-4BD4-9AE1-EE442E1CFB2D}.release noptimize|x86.Build.0 = Release|Win32
		{542B0731-31AF-4BD4-9AE1-EE442E1CFB2D}.Release static CRT|ARM.ActiveCfg = Release|ARM
		{542B0731-31AF-4BD4-9AE1-EE442E1CFB2D}.Release static CRT|ARM.Build.0 = Release|ARM
		{542B0731-31AF-4BD4-9AE1-EE442E1CFB2D}.Release static CRT|x64.ActiveCfg = Release|x64
		{542B0731-31AF-4BD4-9AE1-EE442E1CFB2D}.Release static CRT|x64.Build.0 = Release|x64
		{542B0731-31AF-4BD4-9AE1-EE442E1CFB2D}.Release static CRT|x86.ActiveCfg = Release|Win32
		{542B0731-31AF-4BD4-9AE1-EE442E1CFB2D}.Release static CRT|x86.Build.0 = Release|Win32
		{542B0731-31AF-4BD4-9AE1-EE442E1CFB2D}.Release|ARM.ActiveCfg = Release|ARM
		{542B0731-31AF-4BD4-9AE1-EE442E1CFB2D}.Release|ARM.Build.0 = Release|ARM
		{542B0731-31AF-4BD4-9AE1-EE442E1CFB2D}.Release|x64.ActiveCfg = Release|x64
		{542B0731-31AF-4BD4-9AE1-EE442E1CFB2D}.Release|x64.Build.0 = Release|x64
		{542B0731-31AF-4BD4-9AE1-EE442E1CFB2D}.Release|x86.ActiveCfg = Release|Win32
		{542B0731-31AF-4BD4-9AE1-EE442E1CFB2D}.Release|x86.Build.0 = Release|Win32
		{A1B9ED68-9183-4241-9615-45E567D9CA7D}.Debug static CRT|ARM.ActiveCfg = Debug|ARM
		{A1B9ED68-9183-4241-9615-45E567D9CA7D}.Debug static CRT|ARM.Build.0 = Debug|ARM
		{A1B9ED68-9183-4241-9615-45E567D9CA7D}.Debug static CRT|x64.ActiveCfg = Release|Win32
		{A1B9ED68-9183-4241-9615-45E567D9CA7D}.Debug static CRT|x64.Build.0 = Release|Win32
		{A1B9ED68-9183-4241-9615-45E567D9CA7D}.Debug static CRT|x86.ActiveCfg = Debug|Win32
		{A1B9ED68-9183-4241-9615-45E567D9CA7D}.Debug static CRT|x86.Build.0 = Debug|Win32
		{A1B9ED68-9183-4241-9615-45E567D9CA7D}.Debug|ARM.ActiveCfg = Debug|ARM
		{A1B9ED68-9183-4241-9615-45E567D9CA7D}.Debug|ARM.Build.0 = Debug|ARM
		{A1B9ED68-9183-4241-9615-45E567D9CA7D}.Debug|x64.ActiveCfg = Debug|Win32
		{A1B9ED68-9183-4241-9615-45E567D9CA7D}.Debug|x86.ActiveCfg = Debug|Win32
		{A1B9ED68-9183-4241-9615-45E567D9CA7D}.Debug|x86.Build.0 = Debug|Win32
		{A1B9ED68-9183-4241-9615-45E567D9CA7D}.release noptimize|ARM.ActiveCfg = Release|ARM
		{A1B9ED68-9183-4241-9615-45E567D9CA7D}.release noptimize|ARM.Build.0 = Release|ARM
		{A1B9ED68-9183-4241-9615-45E567D9CA7D}.release noptimize|x64.ActiveCfg = Release|Win32
		{A1B9ED68-9183-4241-9615-45E567D9CA7D}.release noptimize|x64.Build.0 = Release|Win32
		{A1B9ED68-9183-4241-9615-45E567D9CA7D}.release noptimize|x86.ActiveCfg = Release|Win32
		{A1B9ED68-9183-4241-9615-45E567D9CA7D}.release noptimize|x86.Build.0 = Release|Win32
		{A1B9ED68-9183-4241-9615-45E567D9CA7D}.Release static CRT|ARM.ActiveCfg = Release|ARM
		{A1B9ED68-9183-4241-9615-45E567D9CA7D}.Release static CRT|ARM.Build.0 = Release|ARM
		{A1B9ED68-9183-4241-9615-45E567D9CA7D}.Release static CRT|x64.ActiveCfg = Release|Win32
		{A1B9ED68-9183-4241-9615-45E567D9CA7D}.Release static CRT|x64.Build.0 = Release|Win32
		{A1B9ED68-9183-4241-9615-45E567D9CA7D}.Release static CRT|x86.ActiveCfg = Release|Win32
		{A1B9ED68-9183-4241-9615-45E567D9CA7D}.Release static CRT|x86.Build.0 = Release|Win32
		{A1B9ED68-9183-4241-9615-45E567D9CA7D}.Release|ARM.ActiveCfg = Release|ARM
		{A1B9ED68-9183-4241-9615-45E567D9CA7D}.Release|ARM.Build.0 = Release|ARM
		{A1B9ED68-9183-4241-9615-45E567D9CA7D}.Release|x64.ActiveCfg = Release|Win32
		{A1B9ED68-9183-4241-9615-45E567D9CA7D}.Release|x86.ActiveCfg = Release|Win32
		{A1B9ED68-9183-4241-9615-45E567D9CA7D}.Release|x86.Build.0 = Release|Win32
		{D140D4DD-FE9F-43E4-9EDF-A9E0058BBA56}.Debug static CRT|ARM.ActiveCfg = Debug|ARM
		{D140D4DD-FE9F-43E4-9EDF-A9E0058BBA56}.Debug static CRT|ARM.Build.0 = Debug|ARM
		{D140D4DD-FE9F-43E4-9EDF-A9E0058BBA56}.Debug static CRT|x64.ActiveCfg = Debug|x64
		{D140D4DD-FE9F-43E4-9EDF-A9E0058BBA56}.Debug static CRT|x64.Build.0 = Debug|x64
		{D140D4DD-FE9F-43E4-9EDF-A9E0058BBA56}.Debug static CRT|x86.ActiveCfg = Debug|Win32
		{D140D4DD-FE9F-43E4-9EDF-A9E0058BBA56}.Debug static CRT|x86.Build.0 = Debug|Win32
		{D140D4DD-FE9F-43E4-9EDF-A9E0058BBA56}.Debug|ARM.ActiveCfg = Debug|ARM
		{D140D4DD-FE9F-43E4-9EDF-A9E0058BBA56}.Debug|ARM.Build.0 = Debug|ARM
		{D140D4DD-FE9F-43E4-9EDF-A9E0058BBA56}.Debug|x64.ActiveCfg = Debug|x64
		{D140D4DD-FE9F-43E4-9EDF-A9E0058BBA56}.Debug|x64.Build.0 = Debug|x64
		{D140D4DD-FE9F-43E4-9EDF-A9E0058BBA56}.Debug|x86.ActiveCfg = Debug|Win32
		{D140D4DD-FE9F-43E4-9EDF-A9E0058BBA56}.Debug|x86.Build.0 = Debug|Win32
		{D140D4DD-FE9F-43E4-9EDF-A9E0058BBA56}.release noptimize|ARM.ActiveCfg = Release|ARM
		{D140D4DD-FE9F-43E4-9EDF-A9E0058BBA56}.release noptimize|ARM.Build.0 = Release|ARM
		{D140D4DD-FE9F-43E4-9EDF-A9E0058BBA56}.release noptimize|x64.ActiveCfg = Release|x64
		{D140D4DD-FE9F-43E4-9EDF-A9E0058BBA56}.release noptimize|x64.Build.0 = Release|x64
		{D140D4DD-FE9F-43E4-9EDF-A9E0058BBA56}.release noptimize|x86.ActiveCfg = Release|Win32
		{D140D4DD-FE9F-43E4-9EDF-A9E0058BBA56}.release noptimize|x86.Build.0 = Release|Win32
		{D140D4DD-FE9F-43E4-9EDF-A9E0058BBA56}.Release static CRT|ARM.ActiveCfg = Release|ARM
		{D140D4DD-FE9F-43E4-9EDF-A9E0058BBA56}.Release static CRT|ARM.Build.0 = Release|ARM
		{D140D4DD-FE9F-43E4-9EDF-A9E0058BBA56}.Release static CRT|x64.ActiveCfg = Release|x64
		{D140D4DD-FE9F-43E4-9EDF-A9E0058BBA56}.Release static CRT|x64.Build.0 = Release|x64
		{D140D4DD-FE9F-43E4-9EDF-A9E0058BBA56}.Release static CRT|x86.ActiveCfg = Release|Win32
		{D140D4DD-FE9F-43E4-9EDF-A9E0058BBA56}.Release static CRT|x86.Build.0 = Release|Win32
		{D140D4DD-FE9F-43E4-9EDF-A9E0058BBA56}.Release|ARM.ActiveCfg = Release|ARM
		{D140D4DD-FE9F-43E4-9EDF-A9E0058BBA56}.Release|ARM.Build.0 = Release|ARM
		{D140D4DD-FE9F-43E4-9EDF-A9E0058BBA56}.Release|x64.ActiveCfg = Release|x64
		{D140D4DD-FE9F-43E4-9EDF-A9E0058BBA56}.Release|x64.Build.0 = Release|x64
		{D140D4DD-FE9F-43E4-9EDF-A9E0058BBA56}.Release|x86.ActiveCfg = Release|Win32
		{D140D4DD-FE9F-43E4-9EDF-A9E0058BBA56}.Release|x86.Build.0 = Release|Win32
		{2BE91149-7AD8-40C5-ABFD-6D607A6B7105}.Debug static CRT|ARM.ActiveCfg = Debug|ARM
		{2BE91149-7AD8-40C5-ABFD-6D607A6B7105}.Debug static CRT|ARM.Build.0 = Debug|ARM
		{2BE91149-7AD8-40C5-ABFD-6D607A6B7105}.Debug static CRT|x64.ActiveCfg = Release|Win32
		{2BE91149-7AD8-40C5-ABFD-6D607A6B7105}.Debug static CRT|x64.Build.0 = Release|Win32
		{2BE91149-7AD8-40C5-ABFD-6D607A6B7105}.Debug static CRT|x86.ActiveCfg = Debug|Win32
		{2BE91149-7AD8-40C5-ABFD-6D607A6B7105}.Debug static CRT|x86.Build.0 = Debug|Win32
		{2BE91149-7AD8-40C5-ABFD-6D607A6B7105}.Debug|ARM.ActiveCfg = Debug|ARM
		{2BE91149-7AD8-40C5-ABFD-6D607A6B7105}.Debug|ARM.Build.0 = Debug|ARM
		{2BE91149-7AD8-40C5-ABFD-6D607A6B7105}.Debug|x64.ActiveCfg = Debug|Win32
		{2BE91149-7AD8-40C5-ABFD-6D607A6B7105}.Debug|x86.ActiveCfg = Debug|Win32
		{2BE91149-7AD8-40C5-ABFD-6D607A6B7105}.Debug|x86.Build.0 = Debug|Win32
		{2BE91149-7AD8-40C5-ABFD-6D607A6B7105}.release noptimize|ARM.ActiveCfg = Release|ARM
		{2BE91149-7AD8-40C5-ABFD-6D607A6B7105}.release noptimize|ARM.Build.0 = Release|ARM
		{2BE91149-7AD8-40C5-ABFD-6D607A6B7105}.release noptimize|x64.ActiveCfg = Release|Win32
		{2BE91149-7AD8-40C5-ABFD-6D607A6B7105}.release noptimize|x64.Build.0 = Release|Win32
		{2BE91149-7AD8-40C5-ABFD-6D607A6B7105}.release noptimize|x86.ActiveCfg = Release|Win32
		{2BE91149-7AD8-40C5-ABFD-6D607A6B7105}.release noptimize|x86.Build.0 = Release|Win32
		{2BE91149-7AD8-40C5-ABFD-6D607A6B7105}.Release static CRT|ARM.ActiveCfg = Release|ARM
		{2BE91149-7AD8-40C5-ABFD-6D607A6B7105}.Release static CRT|ARM.Build.0 = Release|ARM
		{2BE91149-7AD8-40C5-ABFD-6D607A6B7105}.Release static CRT|x64.ActiveCfg = Release|Win32
		{2BE91149-7AD8-40C5-ABFD-6D607A6B7105}.Release static CRT|x64.Build.0 = Release|Win32
		{2BE91149-7AD8-40C5-ABFD-6D607A6B7105}.Release static CRT|x86.ActiveCfg = Release|Win32
		{2BE91149-7AD8-40C5-ABFD-6D607A6B7105}.Release static CRT|x86.Build.0 = Release|Win32
		{2BE91149-7AD8-40C5-ABFD-6D607A6B7105}.Release|ARM.ActiveCfg = Release|ARM
		{2BE91149-7AD8-40C5-ABFD-6D607A6B7105}.Release|ARM.Build.0 = Release|ARM
		{2BE91149-7AD8-40C5-ABFD-6D607A6B7105}.Release|x64.ActiveCfg = Release|Win32
		{2BE91149-7AD8-40C5-ABFD-6D607A6B7105}.Release|x86.ActiveCfg = Release|Win32
		{2BE91149-7AD8-40C5-ABFD-6D607A6B7105}.Release|x86.Build.0 = Release|Win32
		{4C00FFE6-8A5F-46B0-848D-DF74B7072326}.Debug static CRT|ARM.ActiveCfg = Debug|ARM
		{4C00FFE6-8A5F-46B0-848D-DF74B7072326}.Debug static CRT|ARM.Build.0 = Debug|ARM
		{4C00FFE6-8A5F-46B0-848D-DF74B7072326}.Debug static CRT|x64.ActiveCfg = Debug|x64
		{4C00FFE6-8A5F-46B0-848D-DF74B7072326}.Debug static CRT|x64.Build.0 = Debug|x64
		{4C00FFE6-8A5F-46B0-848D-DF74B7072326}.Debug static CRT|x86.ActiveCfg = Debug|Win32
		{4C00FFE6-8A5F-46B0-848D-DF74B7072326}.Debug static CRT|x86.Build.0 = Debug|Win32
		{4C00FFE6-8A5F-46B0-848D-DF74B7072326}.Debug|ARM.ActiveCfg = Debug|ARM
		{4C00FFE6-8A5F-46B0-848D-DF74B7072326}.Debug|ARM.Build.0 = Debug|ARM
		{4C00FFE6-8A5F-46B0-848D-DF74B7072326}.Debug|x64.ActiveCfg = Debug|x64
		{4C00FFE6-8A5F-46B0-848D-DF74B7072326}.Debug|x64.Build.0 = Debug|x64
		{4C00FFE6-8A5F-46B0-848D-DF74B7072326}.Debug|x86.ActiveCfg = Debug|Win32
		{4C00FFE6-8A5F-46B0-848D-DF74B7072326}.Debug|x86.Build.0 = Debug|Win32
		{4C00FFE6-8A5F-46B0-848D-DF74B7072326}.release noptimize|ARM.ActiveCfg = Release|ARM
		{4C00FFE6-8A5F-46B0-848D-DF74B7072326}.release noptimize|ARM.Build.0 = Release|ARM
		{4C00FFE6-8A5F-46B0-848D-DF74B7072326}.release noptimize|x64.ActiveCfg = Release|x64
		{4C00FFE6-8A5F-46B0-848D-DF74B7072326}.release noptimize|x64.Build.0 = Release|x64
		{4C00FFE6-8A5F-46B0-848D-DF74B7072326}.release noptimize|x86.ActiveCfg = Release|Win32
		{4C00FFE6-8A5F-46B0-848D-DF74B7072326}.release noptimize|x86.Build.0 = Release|Win32
		{4C00FFE6-8A5F-46B0-848D-DF74B7072326}.Release static CRT|ARM.ActiveCfg = Release|ARM
		{4C00FFE6-8A5F-46B0-848D-DF74B7072326}.Release static CRT|ARM.Build.0 = Release|ARM
		{4C00FFE6-8A5F-46B0-848D-DF74B7072326}.Release static CRT|x64.ActiveCfg = Release|x64
		{4C00FFE6-8A5F-46B0-848D-DF74B7072326}.Release static CRT|x64.Build.0 = Release|x64
		{4C00FFE6-8A5F-46B0-848D-DF74B7072326}.Release static CRT|x86.ActiveCfg = Release|Win32
		{4C00FFE6-8A5F-46B0-848D-DF74B7072326}.Release static CRT|x86.Build.0 = Release|Win32
		{4C00FFE6-8A5F-46B0-848D-DF74B7072326}.Release|ARM.ActiveCfg = Release|ARM
		{4C00FFE6-8A5F-46B0-848D-DF74B7072326}.Release|ARM.Build.0 = Release|ARM
		{4C00FFE6-8A5F-46B0-848D-DF74B7072326}.Release|x64.ActiveCfg = Release|x64
		{4C00FFE6-8A5F-46B0-848D-DF74B7072326}.Release|x64.Build.0 = Release|x64
		{4C00FFE6-8A5F-46B0-848D-DF74B7072326}.Release|x86.ActiveCfg = Release|Win32
		{4C00FFE6-8A5F-46B0-848D-DF74B7072326}.Release|x86.Build.0 = Release|Win32
		{1030CF22-46B1-4549-A809-BC68E780D6C6}.Debug static CRT|ARM.ActiveCfg = Debug|ARM
		{1030CF22-46B1-4549-A809-BC68E780D6C6}.Debug static CRT|ARM.Build.0 = Debug|ARM
		{1030CF22-46B1-4549-A809-BC68E780D6C6}.Debug static CRT|x64.ActiveCfg = Release|Win32
		{1030CF22-46B1-4549-A809-BC68E780D6C6}.Debug static CRT|x64.Build.0 = Release|Win32
		{1030CF22-46B1-4549-A809-BC68E780D6C6}.Debug static CRT|x86.ActiveCfg = Debug|Win32
		{1030CF22-46B1-4549-A809-BC68E780D6C6}.Debug static CRT|x86.Build.0 = Debug|Win32
		{1030CF22-46B1-4549-A809-BC68E780D6C6}.Debug|ARM.ActiveCfg = Debug|ARM
		{1030CF22-46B1-4549-A809-BC68E780D6C6}.Debug|ARM.Build.0 = Debug|ARM
		{1030CF22-46B1-4549-A809-BC68E780D6C6}.Debug|x64.ActiveCfg = Debug|Win32
		{1030CF22-46B1-4549-A809-BC68E780D6C6}.Debug|x86.ActiveCfg = Debug|Win32
		{1030CF22-46B1-4549-A809-BC68E780D6C6}.Debug|x86.Build.0 = Debug|Win32
		{1030CF22-46B1-4549-A809-BC68E780D6C6}.release noptimize|ARM.ActiveCfg = Release|ARM
		{1030CF22-46B1-4549-A809-BC68E780D6C6}.release noptimize|ARM.Build.0 = Release|ARM
		{1030CF22-46B1-4549-A809-BC68E780D6C6}.release noptimize|x64.ActiveCfg = Release|Win32
		{1030CF22-46B1-4549-A809-BC68E780D6C6}.release noptimize|x64.Build.0 = Release|Win32
		{1030CF22-46B1-4549-A809-BC68E780D6C6}.release noptimize|x86.ActiveCfg = Release|Win32
		{1030CF22-46B1-4549-A809-BC68E780D6C6}.release noptimize|x86.Build.0 = Release|Win32
		{1030CF22-46B1-4549-A809-BC68E780D6C6}.Release static CRT|ARM.ActiveCfg = Release|ARM
		{1030CF22-46B1-4549-A809-BC68E780D6C6}.Release static CRT|ARM.Build.0 = Release|ARM
		{1030CF22-46B1-4549-A809-BC68E780D6C6}.Release static CRT|x64.ActiveCfg = Release|Win32
		{1030CF22-46B1-4549-A809-BC68E780D6C6}.Release static CRT|x64.Build.0 = Release|Win32
		{1030CF22-46B1-4549-A809-BC68E780D6C6}.Release static CRT|x86.ActiveCfg = Release|Win32
		{1030CF22-46B1-4549-A809-BC68E780D6C6}.Release static CRT|x86.Build.0 = Release|Win32
		{1030CF22-46B1-4549-A809-BC68E780D6C6}.Release|ARM.ActiveCfg = Release|ARM
		{1030CF22-46B1-4549-A809-BC68E780D6C6}.Release|ARM.Build.0 = Release|ARM
		{1030CF22-46B1-4549-A809-BC68E780D6C6}.Release|x64.ActiveCfg = Release|Win32
		{1030CF22-46B1-4549-A809-BC68E780D6C6}.Release|x86.ActiveCfg = Release|Win32
		{1030CF22-46B1-4549-A809-BC68E780D6C6}.Release|x86.Build.0 = Release|Win32
		{5865A3CB-9681-431B-833E-7182EA0FBCC5}.Debug static CRT|ARM.ActiveCfg = Debug|ARM
		{5865A3CB-9681-431B-833E-7182EA0FBCC5}.Debug static CRT|ARM.Build.0 = Debug|ARM
		{5865A3CB-9681-431B-833E-7182EA0FBCC5}.Debug static CRT|x64.ActiveCfg = Debug|x64
		{5865A3CB-9681-431B-833E-7182EA0FBCC5}.Debug static CRT|x64.Build.0 = Debug|x64
		{5865A3CB-9681-431B-833E-7182EA0FBCC5}.Debug static CRT|x86.ActiveCfg = Debug|Win32
		{5865A3CB-9681-431B-833E-7182EA0FBCC5}.Debug static CRT|x86.Build.0 = Debug|Win32
		{5865A3CB-9681-431B-833E-7182EA0FBCC5}.Debug|ARM.ActiveCfg = Debug|ARM
		{5865A3CB-9681-431B-833E-7182EA0FBCC5}.Debug|ARM.Build.0 = Debug|ARM
		{5865A3CB-9681-431B-833E-7182EA0FBCC5}.Debug|x64.ActiveCfg = Debug|x64
		{5865A3CB-9681-431B-833E-7182EA0FBCC5}.Debug|x64.Build.0 = Debug|x64
		{5865A3CB-9681-431B-833E-7182EA0FBCC5}.Debug|x86.ActiveCfg = Debug|Win32
		{5865A3CB-9681-431B-833E-7182EA0FBCC5}.Debug|x86.Build.0 = Debug|Win32
		{5865A3CB-9681-431B-833E-7182EA0FBCC5}.release noptimize|ARM.ActiveCfg = Release|ARM
		{5865A3CB-9681-431B-833E-7182EA0FBCC5}.release noptimize|ARM.Build.0 = Release|ARM
		{5865A3CB-9681-431B-833E-7182EA0FBCC5}.release noptimize|x64.ActiveCfg = Release|x64
		{5865A3CB-9681-431B-833E-7182EA0FBCC5}.release noptimize|x64.Build.0 = Release|x64
		{5865A3CB-9681-431B-833E-7182EA0FBCC5}.release noptimize|x86.ActiveCfg = Release|Win32
		{5865A3CB-9681-431B-833E-7182EA0FBCC5}.release noptimize|x86.Build.0 = Release|Win32
		{5865A3CB-9681-431B-833E-7182EA0FBCC5}.Release static CRT|ARM.ActiveCfg = Release|ARM
		{5865A3CB-9681-431B-833E-7182EA0FBCC5}.Release static CRT|ARM.Build.0 = Release|ARM
		{5865A3CB-9681-431B-833E-7182EA0FBCC5}.Release static CRT|x64.ActiveCfg = Release|x64
		{5865A3CB-9681-431B-833E-7182EA0FBCC5}.Release static CRT|x64.Build.0 = Release|x64
		{5865A3CB-9681-431B-833E-7182EA0FBCC5}.Release static CRT|x86.ActiveCfg = Release|Win32
		{5865A3CB-9681-431B-833E-7182EA0FBCC5}.Release static CRT|x86.Build.0 = Release|Win32
		{5865A3CB-9681-431B-833E-7182EA0FBCC5}.Release|ARM.ActiveCfg = Release|ARM
		{5865A3CB-9681-431B-833E-7182EA0FBCC5}.Release|ARM.Build.0 = Release|ARM
		{5865A3CB-9681-431B-833E-7182EA0FBCC5}.Release|x64.ActiveCfg = Release|x64
		{5865A3CB-9681-431B-833E-7182EA0FBCC5}.Release|x64.Build.0 = Release|x64
		{5865A3CB-9681-431B-833E-7182EA0FBCC5}.Release|x86.ActiveCfg = Release|Win32
		{5865A3CB-9681-431B-833E-7182EA0FBCC5}.Release|x86.Build.0 = Release|Win32
		{201A04D3-A151-4DB5-9829-9BEBD5E9DCF5}.Debug static CRT|ARM.ActiveCfg = Debug|ARM
		{201A04D3-A151-4DB5-9829-9BEBD5E9DCF5}.Debug static CRT|ARM.Build.0 = Debug|ARM
		{201A04D3-A151-4DB5-9829-9BEBD5E9DCF5}.Debug static CRT|x64.ActiveCfg = Release|ARM
		{201A04D3-A151-4DB5-9829-9BEBD5E9DCF5}.Debug static CRT|x64.Build.0 = Release|ARM
		{201A04D3-A151-4DB5-9829-9BEBD5E9DCF5}.Debug static CRT|x86.ActiveCfg = Debug|Win32
		{201A04D3-A151-4DB5-9829-9BEBD5E9DCF5}.Debug static CRT|x86.Build.0 = Debug|Win32
		{201A04D3-A151-4DB5-9829-9BEBD5E9DCF5}.Debug|ARM.ActiveCfg = Debug|ARM
		{201A04D3-A151-4DB5-9829-9BEBD5E9DCF5}.Debug|ARM.Build.0 = Debug|ARM
		{201A04D3-A151-4DB5-9829-9BEBD5E9DCF5}.Debug|x64.ActiveCfg = Debug|Win32
		{201A04D3-A151-4DB5-9829-9BEBD5E9DCF5}.Debug|x86.ActiveCfg = Debug|Win32
		{201A04D3-A151-4DB5-9829-9BEBD5E9DCF5}.Debug|x86.Build.0 = Debug|Win32
		{201A04D3-A151-4DB5-9829-9BEBD5E9DCF5}.release noptimize|ARM.ActiveCfg = Release|ARM
		{201A04D3-A151-4DB5-9829-9BEBD5E9DCF5}.release noptimize|ARM.Build.0 = Release|ARM
		{201A04D3-A151-4DB5-9829-9BEBD5E9DCF5}.release noptimize|x64.ActiveCfg = Release|ARM
		{201A04D3-A151-4DB5-9829-9BEBD5E9DCF5}.release noptimize|x64.Build.0 = Release|ARM
		{201A04D3-A151-4DB5-9829-9BEBD5E9DCF5}.release noptimize|x86.ActiveCfg = Release|Win32
		{201A04D3-A151-4DB5-9829-9BEBD5E9DCF5}.release noptimize|x86.Build.0 = Release|Win32
		{201A04D3-A151-4DB5-9829-9BEBD5E9DCF5}.Release static CRT|ARM.ActiveCfg = Release|ARM
		{201A04D3-A151-4DB5-9829-9BEBD5E9DCF5}.Release static CRT|ARM.Build.0 = Release|ARM
		{201A04D3-A151-4DB5-9829-9BEBD5E9DCF5}.Release static CRT|x64.ActiveCfg = Release|ARM
		{201A04D3-A151-4DB5-9829-9BEBD5E9DCF5}.Release static CRT|x64.Build.0 = Release|ARM
		{201A04D3-A151-4DB5-9829-9BEBD5E9DCF5}.Release static CRT|x86.ActiveCfg = Release|Win32
		{201A04D3-A151-4DB5-9829-9BEBD5E9DCF5}.Release static CRT|x86.Build.0 = Release|Win32
		{201A04D3-A151-4DB5-9829-9BEBD5E9DCF5}.Release|ARM.ActiveCfg = Release|ARM
		{201A04D3-A151-4DB5-9829-9BEBD5E9DCF5}.Release|ARM.Build.0 = Release|ARM
		{201A04D3-A151-4DB5-9829-9BEBD5E9DCF5}.Release|x64.ActiveCfg = Release|Win32
		{201A04D3-A151-4DB5-9829-9BEBD5E9DCF5}.Release|x86.ActiveCfg = Release|Win32
		{201A04D3-A151-4DB5-9829-9BEBD5E9DCF5}.Release|x86.Build.0 = Release|Win32
		{39206B04-715F-4B45-8298-6DFB3C4B4628}.Debug static CRT|ARM.ActiveCfg = Debug|ARM
		{39206B04-715F-4B45-8298-6DFB3C4B4628}.Debug static CRT|ARM.Build.0 = Debug|ARM
		{39206B04-715F-4B45-8298-6DFB3C4B4628}.Debug static CRT|x64.ActiveCfg = Debug|x64
		{39206B04-715F-4B45-8298-6DFB3C4B4628}.Debug static CRT|x64.Build.0 = Debug|x64
		{39206B04-715F-4B45-8298-6DFB3C4B4628}.Debug static CRT|x86.ActiveCfg = Debug|Win32
		{39206B04-715F-4B45-8298-6DFB3C4B4628}.Debug static CRT|x86.Build.0 = Debug|Win32
		{39206B04-715F-4B45-8298-6DFB3C4B4628}.Debug|ARM.ActiveCfg = Debug|ARM
		{39206B04-715F-4B45-8298-6DFB3C4B4628}.Debug|ARM.Build.0 = Debug|ARM
		{39206B04-715F-4B45-8298-6DFB3C4B4628}.Debug|x64.ActiveCfg = Debug|x64
		{39206B04-715F-4B45-8298-6DFB3C4B4628}.Debug|x64.Build.0 = Debug|x64
		{39206B04-715F-4B45-8298-6DFB3C4B4628}.Debug|x86.ActiveCfg = Debug|Win32
		{39206B04-715F-4B45-8298-6DFB3C4B4628}.Debug|x86.Build.0 = Debug|Win32
		{39206B04-715F-4B45-8298-6DFB3C4B4628}.release noptimize|ARM.ActiveCfg = Release|ARM
		{39206B04-715F-4B45-8298-6DFB3C4B4628}.release noptimize|ARM.Build.0 = Release|ARM
		{39206B04-715F-4B45-8298-6DFB3C4B4628}.release noptimize|x64.ActiveCfg = Release|x64
		{39206B04-715F-4B45-8298-6DFB3C4B4628}.release noptimize|x64.Build.0 = Release|x64
		{39206B04-715F-4B45-8298-6DFB3C4B4628}.release noptimize|x86.ActiveCfg = Release|Win32
		{39206B04-715F-4B45-8298-6DFB3C4B4628}.release noptimize|x86.Build.0 = Release|Win32
		{39206B04-715F-4B45-8298-6DFB3C4B4628}.Release static CRT|ARM.ActiveCfg = Release|ARM
		{39206B04-715F-4B45-8298-6DFB3C4B4628}.Release static CRT|ARM.Build.0 = Release|ARM
		{39206B04-715F-4B45-8298-6DFB3C4B4628}.Release static CRT|x64.ActiveCfg = Release|x64
		{39206B04-715F-4B45-8298-6DFB3C4B4628}.Release static CRT|x64.Build.0 = Release|x64
		{39206B04-715F-4B45-8298-6DFB3C4B4628}.Release static CRT|x86.ActiveCfg = Release|Win32
		{39206B04-715F-4B45-8298-6DFB3C4B4628}.Release static CRT|x86.Build.0 = Release|Win32
		{39206B04-715F-4B45-8298-6DFB3C4B4628}.Release|ARM.ActiveCfg = Release|ARM
		{39206B04-715F-4B45-8298-6DFB3C4B4628}.Release|ARM.Build.0 = Release|ARM
		{39206B04-715F-4B45-8298-6DFB3C4B4628}.Release|x64.ActiveCfg = Release|x64
		{39206B04-715F-4B45-8298-6DFB3C4B4628}.Release|x64.Build.0 = Release|x64
		{39206B04-715F-4B45-8298-6DFB3C4B4628}.Release|x86.ActiveCfg = Release|Win32
		{39206B04-715F-4B45-8298-6DFB3C4B4628}.Release|x86.Build.0 = Release|Win32
		{E80B1F12-34F7-41F4-9A4B-A96E73C8F513}.Debug static CRT|ARM.ActiveCfg = Debug|ARM
		{E80B1F12-34F7-41F4-9A4B-A96E73C8F513}.Debug static CRT|ARM.Build.0 = Debug|ARM
		{E80B1F12-34F7-41F4-9A4B-A96E73C8F513}.Debug static CRT|x64.ActiveCfg = Release|ARM
		{E80B1F12-34F7-41F4-9A4B-A96E73C8F513}.Debug static CRT|x64.Build.0 = Release|ARM
		{E80B1F12-34F7-41F4-9A4B-A96E73C8F513}.Debug static CRT|x86.ActiveCfg = Debug|Win32
		{E80B1F12-34F7-41F4-9A4B-A96E73C8F513}.Debug static CRT|x86.Build.0 = Debug|Win32
		{E80B1F12-34F7-41F4-9A4B-A96E73C8F513}.Debug|ARM.ActiveCfg = Debug|ARM
		{E80B1F12-34F7-41F4-9A4B-A96E73C8F513}.Debug|ARM.Build.0 = Debug|ARM
		{E80B1F12-34F7-41F4-9A4B-A96E73C8F513}.Debug|x64.ActiveCfg = Debug|Win32
		{E80B1F12-34F7-41F4-9A4B-A96E73C8F513}.Debug|x86.ActiveCfg = Debug|Win32
		{E80B1F12-34F7-41F4-9A4B-A96E73C8F513}.Debug|x86.Build.0 = Debug|Win32
		{E80B1F12-34F7-41F4-9A4B-A96E73C8F513}.release noptimize|ARM.ActiveCfg = Release|ARM
		{E80B1F12-34F7-41F4-9A4B-A96E73C8F513}.release noptimize|ARM.Build.0 = Release|ARM
		{E80B1F12-34F7-41F4-9A4B-A96E73C8F513}.release noptimize|x64.ActiveCfg = Release|ARM
		{E80B1F12-34F7-41F4-9A4B-A96E73C8F513}.release noptimize|x64.Build.0 = Release|ARM
		{E80B1F12-34F7-41F4-9A4B-A96E73C8F513}.release noptimize|x86.ActiveCfg = Release|Win32
		{E80B1F12-34F7-41F4-9A4B-A96E73C8F513}.release noptimize|x86.Build.0 = Release|Win32
		{E80B1F12-34F7-41F4-9A4B-A96E73C8F513}.Release static CRT|ARM.ActiveCfg = Release|ARM
		{E80B1F12-34F7-41F4-9A4B-A96E73C8F513}.Release static CRT|ARM.Build.0 = Release|ARM
		{E80B1F12-34F7-41F4-9A4B-A96E73C8F513}.Release static CRT|x64.ActiveCfg = Release|ARM
		{E80B1F12-34F7-41F4-9A4B-A96E73C8F513}.Release static CRT|x64.Build.0 = Release|ARM
		{E80B1F12-34F7-41F4-9A4B-A96E73C8F513}.Release static CRT|x86.ActiveCfg = Release|Win32
		{E80B1F12-34F7-41F4-9A4B-A96E73C8F513}.Release static CRT|x86.Build.0 = Release|Win32
		{E80B1F12-34F7-41F4-9A4B-A96E73C8F513}.Release|ARM.ActiveCfg = Release|ARM
		{E80B1F12-34F7-41F4-9A4B-A96E73C8F513}.Release|ARM.Build.0 = Release|ARM
		{E80B1F12-34F7-41F4-9A4B-A96E73C8F513}.Release|x64.ActiveCfg = Release|Win32
		{E80B1F12-34F7-41F4-9A4B-A96E73C8F513}.Release|x86.ActiveCfg = Release|Win32
		{E80B1F12-34F7-41F4-9A4B-A96E73C8F513}.Release|x86.Build.0 = Release|Win32
		{74FE51E2-F16D-4329-82E8-70A01276C6BD}.Debug static CRT|ARM.ActiveCfg = Debug|ARM
		{74FE51E2-F16D-4329-82E8-70A01276C6BD}.Debug static CRT|ARM.Build.0 = Debug|ARM
		{74FE51E2-F16D-4329-82E8-70A01276C6BD}.Debug static CRT|ARM.Deploy.0 = Debug|ARM
		{74FE51E2-F16D-4329-82E8-70A01276C6BD}.Debug static CRT|x64.ActiveCfg = Debug|x64
		{74FE51E2-F16D-4329-82E8-70A01276C6BD}.Debug static CRT|x64.Build.0 = Debug|x64
		{74FE51E2-F16D-4329-82E8-70A01276C6BD}.Debug static CRT|x64.Deploy.0 = Debug|x64
		{74FE51E2-F16D-4329-82E8-70A01276C6BD}.Debug static CRT|x86.ActiveCfg = Debug|Win32
		{74FE51E2-F16D-4329-82E8-70A01276C6BD}.Debug static CRT|x86.Build.0 = Debug|Win32
		{74FE51E2-F16D-4329-82E8-70A01276C6BD}.Debug static CRT|x86.Deploy.0 = Debug|Win32
		{74FE51E2-F16D-4329-82E8-70A01276C6BD}.Debug|ARM.ActiveCfg = Debug|ARM
		{74FE51E2-F16D-4329-82E8-70A01276C6BD}.Debug|ARM.Build.0 = Debug|ARM
		{74FE51E2-F16D-4329-82E8-70A01276C6BD}.Debug|ARM.Deploy.0 = Debug|ARM
		{74FE51E2-F16D-4329-82E8-70A01276C6BD}.Debug|x64.ActiveCfg = Debug|x64
		{74FE51E2-F16D-4329-82E8-70A01276C6BD}.Debug|x64.Build.0 = Debug|x64
		{74FE51E2-F16D-4329-82E8-70A01276C6BD}.Debug|x64.Deploy.0 = Debug|x64
		{74FE51E2-F16D-4329-82E8-70A01276C6BD}.Debug|x86.ActiveCfg = Debug|Win32
		{74FE51E2-F16D-4329-82E8-70A01276C6BD}.Debug|x86.Build.0 = Debug|Win32
		{74FE51E2-F16D-4329-82E8-70A01276C6BD}.Debug|x86.Deploy.0 = Debug|Win32
		{74FE51E2-F16D-4329-82E8-70A01276C6BD}.release noptimize|ARM.ActiveCfg = Release|ARM
		{74FE51E2-F16D-4329-82E8-70A01276C6BD}.release noptimize|ARM.Build.0 = Release|ARM
		{74FE51E2-F16D-4329-82E8-70A01276C6BD}.release noptimize|ARM.Deploy.0 = Release|ARM
		{74FE51E2-F16D-4329-82E8-70A01276C6BD}.release noptimize|x64.ActiveCfg = Release|x64
		{74FE51E2-F16D-4329-82E8-70A01276C6BD}.release noptimize|x64.Build.0 = Release|x64
		{74FE51E2-F16D-4329-82E8-70A01276C6BD}.release noptimize|x64.Deploy.0 = Release|x64
		{74FE51E2-F16D-4329-82E8-70A01276C6BD}.release noptimize|x86.ActiveCfg = Release|Win32
		{74FE51E2-F16D-4329-82E8-70A01276C6BD}.release noptimize|x86.Build.0 = Release|Win32
		{74FE51E2-F16D-4329-82E8-70A01276C6BD}.release noptimize|x86.Deploy.0 = Release|Win32
		{74FE51E2-F16D-4329-82E8-70A01276C6BD}.Release static CRT|ARM.ActiveCfg = Release|ARM
		{74FE51E2-F16D-4329-82E8-70A01276C6BD}.Release static CRT|ARM.Build.0 = Release|ARM
		{74FE51E2-F16D-4329-82E8-70A01276C6BD}.Release static CRT|ARM.Deploy.0 = Release|ARM
		{74FE51E2-F16D-4329-82E8-70A01276C6BD}.Release static CRT|x64.ActiveCfg = Release|x64
		{74FE51E2-F16D-4329-82E8-70A01276C6BD}.Release static CRT|x64.Build.0 = Release|x64
		{74FE51E2-F16D-4329-82E8-70A01276C6BD}.Release static CRT|x64.Deploy.0 = Release|x64
		{74FE51E2-F16D-4329-82E8-70A01276C6BD}.Release static CRT|x86.ActiveCfg = Release|Win32
		{74FE51E2-F16D-4329-82E8-70A01276C6BD}.Release static CRT|x86.Build.0 = Release|Win32
		{74FE51E2-F16D-4329-82E8-70A01276C6BD}.Release static CRT|x86.Deploy.0 = Release|Win32
		{74FE51E2-F16D-4329-82E8-70A01276C6BD}.Release|ARM.ActiveCfg = Release|ARM
		{74FE51E2-F16D-4329-82E8-70A01276C6BD}.Release|ARM.Build.0 = Release|ARM
		{74FE51E2-F16D-4329-82E8-70A01276C6BD}.Release|ARM.Deploy.0 = Release|ARM
		{74FE51E2-F16D-4329-82E8-70A01276C6BD}.Release|x64.ActiveCfg = Release|x64
		{74FE51E2-F16D-4329-82E8-70A01276C6BD}.Release|x64.Build.0 = Release|x64
		{74FE51E2-F16D-4329-82E8-70A01276C6BD}.Release|x64.Deploy.0 = Release|x64
		{74FE51E2-F16D-4329-82E8-70A01276C6BD}.Release|x86.ActiveCfg = Release|Win32
		{74FE51E2-F16D-4329-82E8-70A01276C6BD}.Release|x86.Build.0 = Release|Win32
		{74FE51E2-F16D-4329-82E8-70A01276C6BD}.Release|x86.Deploy.0 = Release|Win32
		{C868B237-234C-46A2-9AF7-6DAE36093A52}.Debug static CRT|ARM.ActiveCfg = Debug|ARM
		{C868B237-234C-46A2-9AF7-6DAE36093A52}.Debug static CRT|ARM.Build.0 = Debug|ARM
		{C868B237-234C-46A2-9AF7-6DAE36093A52}.Debug static CRT|ARM.Deploy.0 = Debug|ARM
		{C868B237-234C-46A2-9AF7-6DAE36093A52}.Debug static CRT|x64.ActiveCfg = Release|ARM
		{C868B237-234C-46A2-9AF7-6DAE36093A52}.Debug static CRT|x64.Build.0 = Release|ARM
		{C868B237-234C-46A2-9AF7-6DAE36093A52}.Debug static CRT|x64.Deploy.0 = Release|ARM
		{C868B237-234C-46A2-9AF7-6DAE36093A52}.Debug static CRT|x86.ActiveCfg = Debug|Win32
		{C868B237-234C-46A2-9AF7-6DAE36093A52}.Debug static CRT|x86.Build.0 = Debug|Win32
		{C868B237-234C-46A2-9AF7-6DAE36093A52}.Debug static CRT|x86.Deploy.0 = Debug|Win32
		{C868B237-234C-46A2-9AF7-6DAE36093A52}.Debug|ARM.ActiveCfg = Debug|ARM
		{C868B237-234C-46A2-9AF7-6DAE36093A52}.Debug|ARM.Build.0 = Debug|ARM
		{C868B237-234C-46A2-9AF7-6DAE36093A52}.Debug|ARM.Deploy.0 = Debug|ARM
		{C868B237-234C-46A2-9AF7-6DAE36093A52}.Debug|x64.ActiveCfg = Debug|Win32
		{C868B237-234C-46A2-9AF7-6DAE36093A52}.Debug|x86.ActiveCfg = Debug|Win32
		{C868B237-234C-46A2-9AF7-6DAE36093A52}.Debug|x86.Build.0 = Debug|Win32
		{C868B237-234C-46A2-9AF7-6DAE36093A52}.Debug|x86.Deploy.0 = Debug|Win32
		{C868B237-234C-46A2-9AF7-6DAE36093A52}.release noptimize|ARM.ActiveCfg = Release|ARM
		{C868B237-234C-46A2-9AF7-6DAE36093A52}.release noptimize|ARM.Build.0 = Release|ARM
		{C868B237-234C-46A2-9AF7-6DAE36093A52}.release noptimize|ARM.Deploy.0 = Release|ARM
		{C868B237-234C-46A2-9AF7-6DAE36093A52}.release noptimize|x64.ActiveCfg = Release|ARM
		{C868B237-234C-46A2-9AF7-6DAE36093A52}.release noptimize|x64.Build.0 = Release|ARM
		{C868B237-234C-46A2-9AF7-6DAE36093A52}.release noptimize|x64.Deploy.0 = Release|ARM
		{C868B237-234C-46A2-9AF7-6DAE36093A52}.release noptimize|x86.ActiveCfg = Release|Win32
		{C868B237-234C-46A2-9AF7-6DAE36093A52}.release noptimize|x86.Build.0 = Release|Win32
		{C868B237-234C-46A2-9AF7-6DAE36093A52}.release noptimize|x86.Deploy.0 = Release|Win32
		{C868B237-234C-46A2-9AF7-6DAE36093A52}.Release static CRT|ARM.ActiveCfg = Release|ARM
		{C868B237-234C-46A2-9AF7-6DAE36093A52}.Release static CRT|ARM.Build.0 = Release|ARM
		{C868B237-234C-46A2-9AF7-6DAE36093A52}.Release static CRT|ARM.Deploy.0 = Release|ARM
		{C868B237-234C-46A2-9AF7-6DAE36093A52}.Release static CRT|x64.ActiveCfg = Release|ARM
		{C868B237-234C-46A2-9AF7-6DAE36093A52}.Release static CRT|x64.Build.0 = Release|ARM
		{C868B237-234C-46A2-9AF7-6DAE36093A52}.Release static CRT|x64.Deploy.0 = Release|ARM
		{C868B237-234C-46A2-9AF7-6DAE36093A52}.Release static CRT|x86.ActiveCfg = Release|Win32
		{C868B237-234C-46A2-9AF7-6DAE36093A52}.Release static CRT|x86.Build.0 = Release|Win32
		{C868B237-234C-46A2-9AF7-6DAE36093A52}.Release static CRT|x86.Deploy.0 = Release|Win32
		{C868B237-234C-46A2-9AF7-6DAE36093A52}.Release|ARM.ActiveCfg = Release|ARM
		{C868B237-234C-46A2-9AF7-6DAE36093A52}.Release|ARM.Build.0 = Release|ARM
		{C868B237-234C-46A2-9AF7-6DAE36093A52}.Release|ARM.Deploy.0 = Release|ARM
		{C868B237-234C-46A2-9AF7-6DAE36093A52}.Release|x64.ActiveCfg = Release|Win32
		{C868B237-234C-46A2-9AF7-6DAE36093A52}.Release|x86.ActiveCfg = Release|Win32
		{C868B237-234C-46A2-9AF7-6DAE36093A52}.Release|x86.Build.0 = Release|Win32
		{C868B237-234C-46A2-9AF7-6DAE36093A52}.Release|x86.Deploy.0 = Release|Win32
	EndGlobalSection
	GlobalSection(SolutionProperties) = preSolution
		HideSolutionNode = FALSE
	EndGlobalSection
	GlobalSection(NestedProjects) = preSolution
		{2015932E-8563-482E-9538-81F070A43CA7} = {BB3360C8-11DB-40A0-BEC8-9DF15813BA57}
		{FBF47402-F4AA-4AD7-886A-01EE2D8A7A60} = {2015932E-8563-482E-9538-81F070A43CA7}
		{38058CBE-6F90-4382-BB8B-5A0CB4AF5632} = {2015932E-8563-482E-9538-81F070A43CA7}
		{954F4D27-17A2-4B08-A834-336AB2378661} = {2015932E-8563-482E-9538-81F070A43CA7}
		{E54BB448-46D6-494D-8101-C743FCA8EB25} = {D837CD79-E251-4C80-8CD2-CC0ABC7AC060}
		{B2F56166-9DD8-41DC-98CB-E8D75B39C314} = {E54BB448-46D6-494D-8101-C743FCA8EB25}
		{542B0731-31AF-4BD4-9AE1-EE442E1CFB2D} = {E54BB448-46D6-494D-8101-C743FCA8EB25}
		{A1B9ED68-9183-4241-9615-45E567D9CA7D} = {E54BB448-46D6-494D-8101-C743FCA8EB25}
		{9250B709-9A23-405E-A522-B3FF51E557BF} = {D837CD79-E251-4C80-8CD2-CC0ABC7AC060}
		{13197D82-BCDB-4154-B3D7-FC0F122DEE7B} = {9250B709-9A23-405E-A522-B3FF51E557BF}
		{D140D4DD-FE9F-43E4-9EDF-A9E0058BBA56} = {9250B709-9A23-405E-A522-B3FF51E557BF}
		{2BE91149-7AD8-40C5-ABFD-6D607A6B7105} = {9250B709-9A23-405E-A522-B3FF51E557BF}
		{1C101952-119F-4EF7-B7F2-B8864F9DB32C} = {D837CD79-E251-4C80-8CD2-CC0ABC7AC060}
		{C3BA6195-9701-4C38-A2C9-D2320ED73D4D} = {1C101952-119F-4EF7-B7F2-B8864F9DB32C}
		{4C00FFE6-8A5F-46B0-848D-DF74B7072326} = {1C101952-119F-4EF7-B7F2-B8864F9DB32C}
		{1030CF22-46B1-4549-A809-BC68E780D6C6} = {1C101952-119F-4EF7-B7F2-B8864F9DB32C}
		{1CA98C70-FD58-4021-A438-A84753EC20BE} = {9CAB47E7-C337-4030-B839-5E1503934531}
		{5865A3CB-9681-431B-833E-7182EA0FBCC5} = {9CAB47E7-C337-4030-B839-5E1503934531}
		{201A04D3-A151-4DB5-9829-9BEBD5E9DCF5} = {9CAB47E7-C337-4030-B839-5E1503934531}
		{D510FA78-AB38-4C7B-BF61-BA77F2E68080} = {DA37BB8C-9FA5-452E-8F73-C30F30A25379}
		{39206B04-715F-4B45-8298-6DFB3C4B4628} = {DA37BB8C-9FA5-452E-8F73-C30F30A25379}
		{E80B1F12-34F7-41F4-9A4B-A96E73C8F513} = {DA37BB8C-9FA5-452E-8F73-C30F30A25379}
		{BBFE12A8-7BF1-4A35-B9BF-75E191AA4C39} = {D3CBD353-9720-425E-B11A-D1A16470618D}
		{74FE51E2-F16D-4329-82E8-70A01276C6BD} = {D3CBD353-9720-425E-B11A-D1A16470618D}
		{C868B237-234C-46A2-9AF7-6DAE36093A52} = {D3CBD353-9720-425E-B11A-D1A16470618D}
	EndGlobalSection
EndGlobal
